// !$*UTF8*$!
{
	archiveVersion = 1;
	classes = {
	};
	objectVersion = 52;
	objects = {

/* Begin PBXBuildFile section */
		0C7BBCB526AFEEEA0084715B /* CreateMenuViewModel.swift in Sources */ = {isa = PBXBuildFile; fileRef = 0C7BBCB426AFEEEA0084715B /* CreateMenuViewModel.swift */; };
		0C7BBCB926B02DB30084715B /* ActionView.swift in Sources */ = {isa = PBXBuildFile; fileRef = 0C7BBCB826B02DB30084715B /* ActionView.swift */; };
		0C7CD87126B3E8C00066645E /* UpdateCategoryView.swift in Sources */ = {isa = PBXBuildFile; fileRef = 0C7CD87026B3E8C00066645E /* UpdateCategoryView.swift */; };
		0C7CD87326B3E8CA0066645E /* UpdateCategoryViewModel.swift in Sources */ = {isa = PBXBuildFile; fileRef = 0C7CD87226B3E8CA0066645E /* UpdateCategoryViewModel.swift */; };
		0C7CD87626B3F6840066645E /* ProductsListView.swift in Sources */ = {isa = PBXBuildFile; fileRef = 0C7CD87526B3F6840066645E /* ProductsListView.swift */; };
		0C7CD87826B419540066645E /* ProductsListResponse.swift in Sources */ = {isa = PBXBuildFile; fileRef = 0C7CD87726B419540066645E /* ProductsListResponse.swift */; };
		0C7CD87A26B41E570066645E /* Product.swift in Sources */ = {isa = PBXBuildFile; fileRef = 0C7CD87926B41E570066645E /* Product.swift */; };
		0C7CD87D26B41F7B0066645E /* ProductsRequest.swift in Sources */ = {isa = PBXBuildFile; fileRef = 0C7CD87C26B41F7B0066645E /* ProductsRequest.swift */; };
		0C7CD87F26B41F850066645E /* CreateProductRequest.swift in Sources */ = {isa = PBXBuildFile; fileRef = 0C7CD87E26B41F850066645E /* CreateProductRequest.swift */; };
		0C7CD88126B41F8F0066645E /* UpdateProductRequest.swift in Sources */ = {isa = PBXBuildFile; fileRef = 0C7CD88026B41F8F0066645E /* UpdateProductRequest.swift */; };
		0C7CD88326B42A3E0066645E /* ProductsRemoteRepository.swift in Sources */ = {isa = PBXBuildFile; fileRef = 0C7CD88226B42A3E0066645E /* ProductsRemoteRepository.swift */; };
		0C7CD88526B42BEE0066645E /* ProductsService.swift in Sources */ = {isa = PBXBuildFile; fileRef = 0C7CD88426B42BEE0066645E /* ProductsService.swift */; };
		0C8B25E926B2C51A007809CD /* CreateCategoryRequest.swift in Sources */ = {isa = PBXBuildFile; fileRef = 0C8B25E826B2C51A007809CD /* CreateCategoryRequest.swift */; };
		0C8B25EB26B2C573007809CD /* CategoriesRequest.swift in Sources */ = {isa = PBXBuildFile; fileRef = 0C8B25EA26B2C573007809CD /* CategoriesRequest.swift */; };
		0C8B25ED26B2C5F7007809CD /* Category.swift in Sources */ = {isa = PBXBuildFile; fileRef = 0C8B25EC26B2C5F7007809CD /* Category.swift */; };
		0C8B25EF26B2C6AF007809CD /* CategoriesListResponse.swift in Sources */ = {isa = PBXBuildFile; fileRef = 0C8B25EE26B2C6AF007809CD /* CategoriesListResponse.swift */; };
		0C8B25F126B2C73A007809CD /* CategoriesRemoteRepository.swift in Sources */ = {isa = PBXBuildFile; fileRef = 0C8B25F026B2C73A007809CD /* CategoriesRemoteRepository.swift */; };
		0C8B25F326B2C804007809CD /* UpdateCategoryRequest.swift in Sources */ = {isa = PBXBuildFile; fileRef = 0C8B25F226B2C804007809CD /* UpdateCategoryRequest.swift */; };
		0C8B25F726B2CDFE007809CD /* CategoriesService.swift in Sources */ = {isa = PBXBuildFile; fileRef = 0C8B25F626B2CDFE007809CD /* CategoriesService.swift */; };
		0CDD50AB26AE957500CF2207 /* FloatingTextEditor.swift in Sources */ = {isa = PBXBuildFile; fileRef = 0CDD50AA26AE957500CF2207 /* FloatingTextEditor.swift */; };
		0CDD50AD26AEE04C00CF2207 /* SearchCell.swift in Sources */ = {isa = PBXBuildFile; fileRef = 0CDD50AC26AEE04C00CF2207 /* SearchCell.swift */; };
		0CDD50B026AEE15100CF2207 /* RoundedCornerShape.swift in Sources */ = {isa = PBXBuildFile; fileRef = 0CDD50AF26AEE15100CF2207 /* RoundedCornerShape.swift */; };
		6000622A269644DB0085DF41 /* AuthRemoteRepository.swift in Sources */ = {isa = PBXBuildFile; fileRef = 60006229269644DB0085DF41 /* AuthRemoteRepository.swift */; };
		6000622C2696451A0085DF41 /* LoginRequest.swift in Sources */ = {isa = PBXBuildFile; fileRef = 6000622B2696451A0085DF41 /* LoginRequest.swift */; };
		6000622E269645380085DF41 /* UserRegistrationRequest.swift in Sources */ = {isa = PBXBuildFile; fileRef = 6000622D269645380085DF41 /* UserRegistrationRequest.swift */; };
		600062302696482F0085DF41 /* Discardable.swift in Sources */ = {isa = PBXBuildFile; fileRef = 6000622F2696482F0085DF41 /* Discardable.swift */; };
		60006232269648C30085DF41 /* AuthService.swift in Sources */ = {isa = PBXBuildFile; fileRef = 60006231269648C30085DF41 /* AuthService.swift */; };
		6000623826965F280085DF41 /* UserLoginResponse.swift in Sources */ = {isa = PBXBuildFile; fileRef = 6000623726965F280085DF41 /* UserLoginResponse.swift */; };
		6000623A269663750085DF41 /* AuthenticatedUser.swift in Sources */ = {isa = PBXBuildFile; fileRef = 60006239269663750085DF41 /* AuthenticatedUser.swift */; };
		6016C1B926AAC6ED00375929 /* ImagePicker.swift in Sources */ = {isa = PBXBuildFile; fileRef = 6016C1B826AAC6ED00375929 /* ImagePicker.swift */; };
		6016C1C026AAFE3F00375929 /* EditUserProfileView.swift in Sources */ = {isa = PBXBuildFile; fileRef = 6016C1BF26AAFE3F00375929 /* EditUserProfileView.swift */; };
		6016C1C226AAFE4A00375929 /* EditUserProfileViewModel.swift in Sources */ = {isa = PBXBuildFile; fileRef = 6016C1C126AAFE4A00375929 /* EditUserProfileViewModel.swift */; };
		6016C1C426AB0A6400375929 /* UpdateUserProfileRequest.swift in Sources */ = {isa = PBXBuildFile; fileRef = 6016C1C326AB0A6400375929 /* UpdateUserProfileRequest.swift */; };
		6016C1C626AB255C00375929 /* EditRestaurantProfileView.swift in Sources */ = {isa = PBXBuildFile; fileRef = 6016C1C526AB255C00375929 /* EditRestaurantProfileView.swift */; };
		6016C1C826AB256B00375929 /* EditRestaurantProfileViewModel.swift in Sources */ = {isa = PBXBuildFile; fileRef = 6016C1C726AB256B00375929 /* EditRestaurantProfileViewModel.swift */; };
		6016C1CA26AB262800375929 /* UpdateRestaurantProfileRequest.swift in Sources */ = {isa = PBXBuildFile; fileRef = 6016C1C926AB262800375929 /* UpdateRestaurantProfileRequest.swift */; };
		60173F2F269C8F03003C4E40 /* AlertView.swift in Sources */ = {isa = PBXBuildFile; fileRef = 60173F2E269C8F03003C4E40 /* AlertView.swift */; };
		60173F31269CA3B2003C4E40 /* InfoView.swift in Sources */ = {isa = PBXBuildFile; fileRef = 60173F30269CA3B2003C4E40 /* InfoView.swift */; };
		60173F33269CDF0B003C4E40 /* RestaurantRegistrationRequest.swift in Sources */ = {isa = PBXBuildFile; fileRef = 60173F32269CDF0B003C4E40 /* RestaurantRegistrationRequest.swift */; };
		60173F37269CE0CC003C4E40 /* AuthenticatedRestaurant.swift in Sources */ = {isa = PBXBuildFile; fileRef = 60173F36269CE0CC003C4E40 /* AuthenticatedRestaurant.swift */; };
		60173F39269CE10D003C4E40 /* Restaurant.swift in Sources */ = {isa = PBXBuildFile; fileRef = 60173F38269CE10D003C4E40 /* Restaurant.swift */; };
		60173F3B269CE55A003C4E40 /* RestaurantLoginResponse.swift in Sources */ = {isa = PBXBuildFile; fileRef = 60173F3A269CE55A003C4E40 /* RestaurantLoginResponse.swift */; };
		60173F3D269CF53D003C4E40 /* ActivityIndicatorView.swift in Sources */ = {isa = PBXBuildFile; fileRef = 60173F3C269CF53D003C4E40 /* ActivityIndicatorView.swift */; };
		601A854E26B091A300B31C3D /* UpdateMenuView.swift in Sources */ = {isa = PBXBuildFile; fileRef = 601A854D26B091A300B31C3D /* UpdateMenuView.swift */; };
		601A855026B091AD00B31C3D /* UpdateMenuViewModel.swift in Sources */ = {isa = PBXBuildFile; fileRef = 601A854F26B091AD00B31C3D /* UpdateMenuViewModel.swift */; };
		601C0C20269B00FE009181D2 /* RestaurantRegistrationView.swift in Sources */ = {isa = PBXBuildFile; fileRef = 601C0C1F269B00FE009181D2 /* RestaurantRegistrationView.swift */; };
		601C0C22269B0110009181D2 /* RestaurantRegistrationViewModel.swift in Sources */ = {isa = PBXBuildFile; fileRef = 601C0C21269B0110009181D2 /* RestaurantRegistrationViewModel.swift */; };
		602375D1269F5B550086B3B6 /* DataInfo.swift in Sources */ = {isa = PBXBuildFile; fileRef = 602375D0269F5B550086B3B6 /* DataInfo.swift */; };
		6049C3C0268F9B9E00B891CC /* Repositories+Injection.swift in Sources */ = {isa = PBXBuildFile; fileRef = 6049C3BF268F9B9E00B891CC /* Repositories+Injection.swift */; };
		6063B68A26893B65001B1405 /* MenuelyApp.swift in Sources */ = {isa = PBXBuildFile; fileRef = 6063B68926893B65001B1405 /* MenuelyApp.swift */; };
		6063B68E26893B67001B1405 /* Assets.xcassets in Resources */ = {isa = PBXBuildFile; fileRef = 6063B68D26893B67001B1405 /* Assets.xcassets */; };
		6063B69126893B67001B1405 /* Preview Assets.xcassets in Resources */ = {isa = PBXBuildFile; fileRef = 6063B69026893B67001B1405 /* Preview Assets.xcassets */; };
		606531C726A43A3800C8C500 /* ProfileView.swift in Sources */ = {isa = PBXBuildFile; fileRef = 606531C626A43A3800C8C500 /* ProfileView.swift */; };
		606531C926A43A4100C8C500 /* ProfileViewModel.swift in Sources */ = {isa = PBXBuildFile; fileRef = 606531C826A43A4100C8C500 /* ProfileViewModel.swift */; };
		606531CB26A43B1900C8C500 /* OptionsView.swift in Sources */ = {isa = PBXBuildFile; fileRef = 606531CA26A43B1900C8C500 /* OptionsView.swift */; };
		606531CD26A43B2300C8C500 /* OptionsViewModel.swift in Sources */ = {isa = PBXBuildFile; fileRef = 606531CC26A43B2300C8C500 /* OptionsViewModel.swift */; };
		606531D126A43CF700C8C500 /* OptionItemView.swift in Sources */ = {isa = PBXBuildFile; fileRef = 606531D026A43CF700C8C500 /* OptionItemView.swift */; };
		606531D326A4871A00C8C500 /* OptionType.swift in Sources */ = {isa = PBXBuildFile; fileRef = 606531D226A4871A00C8C500 /* OptionType.swift */; };
		606531D826A4B4EA00C8C500 /* LogoutBodyRequest.swift in Sources */ = {isa = PBXBuildFile; fileRef = 606531D726A4B4E900C8C500 /* LogoutBodyRequest.swift */; };
		60660C692693837400A6159E /* Alamofire in Frameworks */ = {isa = PBXBuildFile; productRef = 60660C682693837400A6159E /* Alamofire */; };
		60660C6D2693861D00A6159E /* NetworkClient.swift in Sources */ = {isa = PBXBuildFile; fileRef = 60660C6C2693861D00A6159E /* NetworkClient.swift */; };
		606C9AC526A76D20005AD06E /* TabBarView.swift in Sources */ = {isa = PBXBuildFile; fileRef = 606C9AC426A76D20005AD06E /* TabBarView.swift */; };
		606C9AC726A77768005AD06E /* TabBarViewModel.swift in Sources */ = {isa = PBXBuildFile; fileRef = 606C9AC626A77768005AD06E /* TabBarViewModel.swift */; };
		606C9AC926A7795E005AD06E /* RootView.swift in Sources */ = {isa = PBXBuildFile; fileRef = 606C9AC826A7795E005AD06E /* RootView.swift */; };
		606C9ACB26A77966005AD06E /* RootViewModel.swift in Sources */ = {isa = PBXBuildFile; fileRef = 606C9ACA26A77966005AD06E /* RootViewModel.swift */; };
		6071080926A8640D00008E44 /* AuthSelectionView.swift in Sources */ = {isa = PBXBuildFile; fileRef = 6071080826A8640D00008E44 /* AuthSelectionView.swift */; };
		6071080B26A8641700008E44 /* AuthSelectionViewModel.swift in Sources */ = {isa = PBXBuildFile; fileRef = 6071080A26A8641700008E44 /* AuthSelectionViewModel.swift */; };
		6071080D26A889F800008E44 /* AuthType.swift in Sources */ = {isa = PBXBuildFile; fileRef = 6071080C26A889F800008E44 /* AuthType.swift */; };
		6071081226A8B32500008E44 /* SDWebImageSwiftUI in Frameworks */ = {isa = PBXBuildFile; productRef = 6071081126A8B32500008E44 /* SDWebImageSwiftUI */; };
		6071081626A8C36D00008E44 /* ProfileHeaderView.swift in Sources */ = {isa = PBXBuildFile; fileRef = 6071081526A8C36D00008E44 /* ProfileHeaderView.swift */; };
		6071081826A8C67800008E44 /* AccountInfoView.swift in Sources */ = {isa = PBXBuildFile; fileRef = 6071081726A8C67800008E44 /* AccountInfoView.swift */; };
		6074792926A9B46B00F18693 /* UserProfileView.swift in Sources */ = {isa = PBXBuildFile; fileRef = 6074792826A9B46B00F18693 /* UserProfileView.swift */; };
		6074792B26A9B47800F18693 /* UserProfileViewModel.swift in Sources */ = {isa = PBXBuildFile; fileRef = 6074792A26A9B47800F18693 /* UserProfileViewModel.swift */; };
		6074792D26A9B48A00F18693 /* RestaurantProfileView.swift in Sources */ = {isa = PBXBuildFile; fileRef = 6074792C26A9B48A00F18693 /* RestaurantProfileView.swift */; };
		6074792F26A9B49300F18693 /* RestaurantProfileViewModel.swift in Sources */ = {isa = PBXBuildFile; fileRef = 6074792E26A9B49300F18693 /* RestaurantProfileViewModel.swift */; };
		6074793126A9BB2B00F18693 /* UserResponse.swift in Sources */ = {isa = PBXBuildFile; fileRef = 6074793026A9BB2B00F18693 /* UserResponse.swift */; };
		6074793326A9C49700F18693 /* DateUtility.swift in Sources */ = {isa = PBXBuildFile; fileRef = 6074793226A9C49700F18693 /* DateUtility.swift */; };
		6074793526A9D3F900F18693 /* RestaurantsRemoteRepository.swift in Sources */ = {isa = PBXBuildFile; fileRef = 6074793426A9D3F900F18693 /* RestaurantsRemoteRepository.swift */; };
		6074793726A9D53F00F18693 /* RestaurantsListResponse.swift in Sources */ = {isa = PBXBuildFile; fileRef = 6074793626A9D53F00F18693 /* RestaurantsListResponse.swift */; };
		6074793926A9D59300F18693 /* RestaurantResponse.swift in Sources */ = {isa = PBXBuildFile; fileRef = 6074793826A9D59300F18693 /* RestaurantResponse.swift */; };
		6074793B26A9D61F00F18693 /* RestaurantsService.swift in Sources */ = {isa = PBXBuildFile; fileRef = 6074793A26A9D61F00F18693 /* RestaurantsService.swift */; };
		6074793D26A9E30100F18693 /* DescriptionView.swift in Sources */ = {isa = PBXBuildFile; fileRef = 6074793C26A9E30100F18693 /* DescriptionView.swift */; };
		6074C0B4268C940700DA3B21 /* AppState.swift in Sources */ = {isa = PBXBuildFile; fileRef = 6074C0B3268C940700DA3B21 /* AppState.swift */; };
		6074C0B6268CADB100DA3B21 /* Store.swift in Sources */ = {isa = PBXBuildFile; fileRef = 6074C0B5268CADB100DA3B21 /* Store.swift */; };
		6074C0B8268CB32500DA3B21 /* CancelBag.swift in Sources */ = {isa = PBXBuildFile; fileRef = 6074C0B7268CB32500DA3B21 /* CancelBag.swift */; };
		6074C0BA268CC06600DA3B21 /* Loadable.swift in Sources */ = {isa = PBXBuildFile; fileRef = 6074C0B9268CC06600DA3B21 /* Loadable.swift */; };
		6074C0BC268CCB3700DA3B21 /* APIConfigurable.swift in Sources */ = {isa = PBXBuildFile; fileRef = 6074C0BB268CCB3700DA3B21 /* APIConfigurable.swift */; };
		6074C0C0268CD41400DA3B21 /* NetworkingHelpers.swift in Sources */ = {isa = PBXBuildFile; fileRef = 6074C0BF268CD41400DA3B21 /* NetworkingHelpers.swift */; };
		6074C0C2268CDC5E00DA3B21 /* Miscellaneous.swift in Sources */ = {isa = PBXBuildFile; fileRef = 6074C0C1268CDC5E00DA3B21 /* Miscellaneous.swift */; };
		6077EBC326AC6FC500D6D4F4 /* PopoversViewModifier.swift in Sources */ = {isa = PBXBuildFile; fileRef = 6077EBC226AC6FC500D6D4F4 /* PopoversViewModifier.swift */; };
		6077EBC526AC996500D6D4F4 /* UpdatePasswordRequest.swift in Sources */ = {isa = PBXBuildFile; fileRef = 6077EBC426AC996500D6D4F4 /* UpdatePasswordRequest.swift */; };
		6077EBC726AC9B3500D6D4F4 /* UpdatePasswordView.swift in Sources */ = {isa = PBXBuildFile; fileRef = 6077EBC626AC9B3500D6D4F4 /* UpdatePasswordView.swift */; };
		6077EBC926AC9B3E00D6D4F4 /* UpdatePasswordViewModel.swift in Sources */ = {isa = PBXBuildFile; fileRef = 6077EBC826AC9B3E00D6D4F4 /* UpdatePasswordViewModel.swift */; };
		6077EBCB26ACC8FF00D6D4F4 /* UpdateEmailRequest.swift in Sources */ = {isa = PBXBuildFile; fileRef = 6077EBCA26ACC8FF00D6D4F4 /* UpdateEmailRequest.swift */; };
		6077EBCD26ACCB4D00D6D4F4 /* UpdateEmailView.swift in Sources */ = {isa = PBXBuildFile; fileRef = 6077EBCC26ACCB4D00D6D4F4 /* UpdateEmailView.swift */; };
		6077EBCF26ACCB5700D6D4F4 /* UpdateEmailViewModel.swift in Sources */ = {isa = PBXBuildFile; fileRef = 6077EBCE26ACCB5700D6D4F4 /* UpdateEmailViewModel.swift */; };
		607B5BF526B1EE2A00E4A707 /* UpdateImageRequest.swift in Sources */ = {isa = PBXBuildFile; fileRef = 607B5BF426B1EE2A00E4A707 /* UpdateImageRequest.swift */; };
		60944F39268DC73F0063CD61 /* Resolver in Frameworks */ = {isa = PBXBuildFile; productRef = 60944F38268DC73F0063CD61 /* Resolver */; };
		60944F3B268DC8460063CD61 /* Application+Injection.swift in Sources */ = {isa = PBXBuildFile; fileRef = 60944F3A268DC8460063CD61 /* Application+Injection.swift */; };
		6097A7D126A0DD4200BC3534 /* AuthCredentials.swift in Sources */ = {isa = PBXBuildFile; fileRef = 6097A7D026A0DD4100BC3534 /* AuthCredentials.swift */; };
		60A57CDA26AF220C00A53341 /* MenuCell.swift in Sources */ = {isa = PBXBuildFile; fileRef = 60A57CD926AF220C00A53341 /* MenuCell.swift */; };
		60A57CDE26AF280A00A53341 /* MenusListView.swift in Sources */ = {isa = PBXBuildFile; fileRef = 60A57CDD26AF280A00A53341 /* MenusListView.swift */; };
		60A57CE026AF281500A53341 /* MenusListViewModel.swift in Sources */ = {isa = PBXBuildFile; fileRef = 60A57CDF26AF281500A53341 /* MenusListViewModel.swift */; };
		60A57CE226AF2F6700A53341 /* Menu.swift in Sources */ = {isa = PBXBuildFile; fileRef = 60A57CE126AF2F6700A53341 /* Menu.swift */; };
		60A57CE426AF317200A53341 /* MenusListResponse.swift in Sources */ = {isa = PBXBuildFile; fileRef = 60A57CE326AF317200A53341 /* MenusListResponse.swift */; };
		60A57CE626AF31F800A53341 /* MenusRemoteRepository.swift in Sources */ = {isa = PBXBuildFile; fileRef = 60A57CE526AF31F800A53341 /* MenusRemoteRepository.swift */; };
		60A57CE826AF329C00A53341 /* MenusRequest.swift in Sources */ = {isa = PBXBuildFile; fileRef = 60A57CE726AF329C00A53341 /* MenusRequest.swift */; };
		60A57CEB26AF34EC00A53341 /* CreateMenuRequest.swift in Sources */ = {isa = PBXBuildFile; fileRef = 60A57CEA26AF34EC00A53341 /* CreateMenuRequest.swift */; };
		60A57CED26AF34F800A53341 /* UpdateMenuRequest.swift in Sources */ = {isa = PBXBuildFile; fileRef = 60A57CEC26AF34F800A53341 /* UpdateMenuRequest.swift */; };
		60A57CF126AF3B2600A53341 /* MenusService.swift in Sources */ = {isa = PBXBuildFile; fileRef = 60A57CF026AF3B2600A53341 /* MenusService.swift */; };
		60A57CF426AF42A900A53341 /* CreateMenuView.swift in Sources */ = {isa = PBXBuildFile; fileRef = 60A57CF326AF42A900A53341 /* CreateMenuView.swift */; };
		60A67194269B35400083C0E9 /* LoginView.swift in Sources */ = {isa = PBXBuildFile; fileRef = 60A67193269B35400083C0E9 /* LoginView.swift */; };
		60A67196269B354A0083C0E9 /* LoginViewModel.swift in Sources */ = {isa = PBXBuildFile; fileRef = 60A67195269B354A0083C0E9 /* LoginViewModel.swift */; };
		60A67198269B363E0083C0E9 /* EntityType.swift in Sources */ = {isa = PBXBuildFile; fileRef = 60A67197269B363E0083C0E9 /* EntityType.swift */; };
		60B510A626B2F6B800218D6D /* CategoryCell.swift in Sources */ = {isa = PBXBuildFile; fileRef = 60B510A526B2F6B800218D6D /* CategoryCell.swift */; };
		60B510A926B2FD9C00218D6D /* CategoriesListView.swift in Sources */ = {isa = PBXBuildFile; fileRef = 60B510A826B2FD9B00218D6D /* CategoriesListView.swift */; };
		60B510AB26B2FDAB00218D6D /* CategoriesListViewModel.swift in Sources */ = {isa = PBXBuildFile; fileRef = 60B510AA26B2FDAB00218D6D /* CategoriesListViewModel.swift */; };
		60B510AD26B3350C00218D6D /* CreateCategoryView.swift in Sources */ = {isa = PBXBuildFile; fileRef = 60B510AC26B3350C00218D6D /* CreateCategoryView.swift */; };
		60B510AF26B3351900218D6D /* CreateCategoryViewModel.swift in Sources */ = {isa = PBXBuildFile; fileRef = 60B510AE26B3351900218D6D /* CreateCategoryViewModel.swift */; };
		60B510B126B33B4400218D6D /* ImageName.swift in Sources */ = {isa = PBXBuildFile; fileRef = 60B510B026B33B4400218D6D /* ImageName.swift */; };
		60BF85AC2698F0DE00890C0F /* RootViewModifier.swift in Sources */ = {isa = PBXBuildFile; fileRef = 60BF85AB2698F0DE00890C0F /* RootViewModifier.swift */; };
		60BF85B22698F87700890C0F /* FloatingTextField.swift in Sources */ = {isa = PBXBuildFile; fileRef = 60BF85B12698F87700890C0F /* FloatingTextField.swift */; };
		60BF85B72699172E00890C0F /* SelectionCardView.swift in Sources */ = {isa = PBXBuildFile; fileRef = 60BF85B62699172E00890C0F /* SelectionCardView.swift */; };
		60BF85B926991AC000890C0F /* Image+Extension.swift in Sources */ = {isa = PBXBuildFile; fileRef = 60BF85B826991AC000890C0F /* Image+Extension.swift */; };
		60C8D55E26ADC3690079EF48 /* ScanView.swift in Sources */ = {isa = PBXBuildFile; fileRef = 60C8D55D26ADC3690079EF48 /* ScanView.swift */; };
		60C8D56026ADC3710079EF48 /* ScanViewModel.swift in Sources */ = {isa = PBXBuildFile; fileRef = 60C8D55F26ADC3710079EF48 /* ScanViewModel.swift */; };
		60C8D56326ADCAD10079EF48 /* CodeScanner in Frameworks */ = {isa = PBXBuildFile; productRef = 60C8D56226ADCAD10079EF48 /* CodeScanner */; };
		60C8D56626AE05590079EF48 /* SearchRequest.swift in Sources */ = {isa = PBXBuildFile; fileRef = 60C8D56526AE05590079EF48 /* SearchRequest.swift */; };
		60D32CC02699A83C00F6FDC9 /* RoundedGradientButtonStyle.swift in Sources */ = {isa = PBXBuildFile; fileRef = 60D32CBF2699A83C00F6FDC9 /* RoundedGradientButtonStyle.swift */; };
		60D32CD02699EC0900F6FDC9 /* Utilities+Injection.swift in Sources */ = {isa = PBXBuildFile; fileRef = 60D32CCF2699EC0900F6FDC9 /* Utilities+Injection.swift */; };
		60D32CD22699ED9200F6FDC9 /* Constants+Injection.swift in Sources */ = {isa = PBXBuildFile; fileRef = 60D32CD12699ED9200F6FDC9 /* Constants+Injection.swift */; };
		60D32CE02699FA3100F6FDC9 /* UserRegistrationViewModel.swift in Sources */ = {isa = PBXBuildFile; fileRef = 60D32CDF2699FA3100F6FDC9 /* UserRegistrationViewModel.swift */; };
		60D32CE22699FA3B00F6FDC9 /* UserRegistrationView.swift in Sources */ = {isa = PBXBuildFile; fileRef = 60D32CE12699FA3B00F6FDC9 /* UserRegistrationView.swift */; };
		60D32CE4269A082600F6FDC9 /* SelectionCardButtonStyle.swift in Sources */ = {isa = PBXBuildFile; fileRef = 60D32CE3269A082600F6FDC9 /* SelectionCardButtonStyle.swift */; };
		60D4CFB126B53F8B00DA799E /* CreateProductView.swift in Sources */ = {isa = PBXBuildFile; fileRef = 60D4CFB026B53F8B00DA799E /* CreateProductView.swift */; };
		60D4CFB326B53F9900DA799E /* CreateProductViewModel.swift in Sources */ = {isa = PBXBuildFile; fileRef = 60D4CFB226B53F9900DA799E /* CreateProductViewModel.swift */; };
		60D4CFB526B5460C00DA799E /* UpdateProductView.swift in Sources */ = {isa = PBXBuildFile; fileRef = 60D4CFB426B5460C00DA799E /* UpdateProductView.swift */; };
		60D4CFB726B5461A00DA799E /* UpdateProductViewModel.swift in Sources */ = {isa = PBXBuildFile; fileRef = 60D4CFB626B5461A00DA799E /* UpdateProductViewModel.swift */; };
		60E395382690917C007E459E /* TokensRequest.swift in Sources */ = {isa = PBXBuildFile; fileRef = 60E395372690917C007E459E /* TokensRequest.swift */; };
		60E3953A2690918D007E459E /* TokensResponse.swift in Sources */ = {isa = PBXBuildFile; fileRef = 60E395392690918D007E459E /* TokensResponse.swift */; };
		60E3953C26909197007E459E /* Tokens.swift in Sources */ = {isa = PBXBuildFile; fileRef = 60E3953B26909197007E459E /* Tokens.swift */; };
		60E4ED6A268DCC7B00EC4561 /* Services+Injection.swift in Sources */ = {isa = PBXBuildFile; fileRef = 60E4ED69268DCC7B00EC4561 /* Services+Injection.swift */; };
		60E4ED6C268DD45400EC4561 /* ApplicationEventsHandler.swift in Sources */ = {isa = PBXBuildFile; fileRef = 60E4ED6B268DD45400EC4561 /* ApplicationEventsHandler.swift */; };
		60E4ED6E268DE40B00EC4561 /* UsersService.swift in Sources */ = {isa = PBXBuildFile; fileRef = 60E4ED6D268DE40B00EC4561 /* UsersService.swift */; };
		60E4ED70268DECA600EC4561 /* UsersListResponse.swift in Sources */ = {isa = PBXBuildFile; fileRef = 60E4ED6F268DECA600EC4561 /* UsersListResponse.swift */; };
		60E4ED72268DEE4100EC4561 /* RemoteImage.swift in Sources */ = {isa = PBXBuildFile; fileRef = 60E4ED71268DEE4100EC4561 /* RemoteImage.swift */; };
		60E4ED74268DEFC300EC4561 /* UsersRemoteRepository.swift in Sources */ = {isa = PBXBuildFile; fileRef = 60E4ED73268DEFC300EC4561 /* UsersRemoteRepository.swift */; };
		60E4ED7A268E174A00EC4561 /* ViewModels+Injection.swift in Sources */ = {isa = PBXBuildFile; fileRef = 60E4ED79268E174A00EC4561 /* ViewModels+Injection.swift */; };
		60F3BAC92694ACA6005798C1 /* AuthRequestInterceptor.swift in Sources */ = {isa = PBXBuildFile; fileRef = 60F3BAC82694ACA6005798C1 /* AuthRequestInterceptor.swift */; };
		60F3BACB2694B85B005798C1 /* Authenticator.swift in Sources */ = {isa = PBXBuildFile; fileRef = 60F3BACA2694B85B005798C1 /* Authenticator.swift */; };
		60F3BAD02694BB17005798C1 /* User.swift in Sources */ = {isa = PBXBuildFile; fileRef = 60F3BACF2694BB17005798C1 /* User.swift */; };
		60FE2A3C26B44A7D006A96B4 /* ProductCell.swift in Sources */ = {isa = PBXBuildFile; fileRef = 60FE2A3B26B44A7D006A96B4 /* ProductCell.swift */; };
		60FE2A3E26B4895A006A96B4 /* StretchyHeader.swift in Sources */ = {isa = PBXBuildFile; fileRef = 60FE2A3D26B4895A006A96B4 /* StretchyHeader.swift */; };
		60FE2A4026B489F1006A96B4 /* ProductsListViewModel.swift in Sources */ = {isa = PBXBuildFile; fileRef = 60FE2A3F26B489F1006A96B4 /* ProductsListViewModel.swift */; };
		60FF8C3026A388350050DA8A /* LocalRepository.swift in Sources */ = {isa = PBXBuildFile; fileRef = 60FF8C2F26A388350050DA8A /* LocalRepository.swift */; };
/* End PBXBuildFile section */

/* Begin PBXFileReference section */
		0C7BBCB426AFEEEA0084715B /* CreateMenuViewModel.swift */ = {isa = PBXFileReference; lastKnownFileType = sourcecode.swift; path = CreateMenuViewModel.swift; sourceTree = "<group>"; };
		0C7BBCB826B02DB30084715B /* ActionView.swift */ = {isa = PBXFileReference; lastKnownFileType = sourcecode.swift; path = ActionView.swift; sourceTree = "<group>"; };
		0C7CD87026B3E8C00066645E /* UpdateCategoryView.swift */ = {isa = PBXFileReference; lastKnownFileType = sourcecode.swift; path = UpdateCategoryView.swift; sourceTree = "<group>"; };
		0C7CD87226B3E8CA0066645E /* UpdateCategoryViewModel.swift */ = {isa = PBXFileReference; lastKnownFileType = sourcecode.swift; path = UpdateCategoryViewModel.swift; sourceTree = "<group>"; };
		0C7CD87526B3F6840066645E /* ProductsListView.swift */ = {isa = PBXFileReference; lastKnownFileType = sourcecode.swift; path = ProductsListView.swift; sourceTree = "<group>"; };
		0C7CD87726B419540066645E /* ProductsListResponse.swift */ = {isa = PBXFileReference; lastKnownFileType = sourcecode.swift; path = ProductsListResponse.swift; sourceTree = "<group>"; };
		0C7CD87926B41E570066645E /* Product.swift */ = {isa = PBXFileReference; lastKnownFileType = sourcecode.swift; path = Product.swift; sourceTree = "<group>"; };
		0C7CD87C26B41F7B0066645E /* ProductsRequest.swift */ = {isa = PBXFileReference; lastKnownFileType = sourcecode.swift; path = ProductsRequest.swift; sourceTree = "<group>"; };
		0C7CD87E26B41F850066645E /* CreateProductRequest.swift */ = {isa = PBXFileReference; lastKnownFileType = sourcecode.swift; path = CreateProductRequest.swift; sourceTree = "<group>"; };
		0C7CD88026B41F8F0066645E /* UpdateProductRequest.swift */ = {isa = PBXFileReference; lastKnownFileType = sourcecode.swift; path = UpdateProductRequest.swift; sourceTree = "<group>"; };
		0C7CD88226B42A3E0066645E /* ProductsRemoteRepository.swift */ = {isa = PBXFileReference; lastKnownFileType = sourcecode.swift; path = ProductsRemoteRepository.swift; sourceTree = "<group>"; };
		0C7CD88426B42BEE0066645E /* ProductsService.swift */ = {isa = PBXFileReference; lastKnownFileType = sourcecode.swift; path = ProductsService.swift; sourceTree = "<group>"; };
		0C8B25E826B2C51A007809CD /* CreateCategoryRequest.swift */ = {isa = PBXFileReference; lastKnownFileType = sourcecode.swift; path = CreateCategoryRequest.swift; sourceTree = "<group>"; };
		0C8B25EA26B2C573007809CD /* CategoriesRequest.swift */ = {isa = PBXFileReference; lastKnownFileType = sourcecode.swift; path = CategoriesRequest.swift; sourceTree = "<group>"; };
		0C8B25EC26B2C5F7007809CD /* Category.swift */ = {isa = PBXFileReference; lastKnownFileType = sourcecode.swift; path = Category.swift; sourceTree = "<group>"; };
		0C8B25EE26B2C6AF007809CD /* CategoriesListResponse.swift */ = {isa = PBXFileReference; lastKnownFileType = sourcecode.swift; path = CategoriesListResponse.swift; sourceTree = "<group>"; };
		0C8B25F026B2C73A007809CD /* CategoriesRemoteRepository.swift */ = {isa = PBXFileReference; lastKnownFileType = sourcecode.swift; path = CategoriesRemoteRepository.swift; sourceTree = "<group>"; };
		0C8B25F226B2C804007809CD /* UpdateCategoryRequest.swift */ = {isa = PBXFileReference; lastKnownFileType = sourcecode.swift; path = UpdateCategoryRequest.swift; sourceTree = "<group>"; };
		0C8B25F626B2CDFE007809CD /* CategoriesService.swift */ = {isa = PBXFileReference; lastKnownFileType = sourcecode.swift; path = CategoriesService.swift; sourceTree = "<group>"; };
		0CDD50AA26AE957500CF2207 /* FloatingTextEditor.swift */ = {isa = PBXFileReference; lastKnownFileType = sourcecode.swift; path = FloatingTextEditor.swift; sourceTree = "<group>"; };
		0CDD50AC26AEE04C00CF2207 /* SearchCell.swift */ = {isa = PBXFileReference; lastKnownFileType = sourcecode.swift; path = SearchCell.swift; sourceTree = "<group>"; };
		0CDD50AF26AEE15100CF2207 /* RoundedCornerShape.swift */ = {isa = PBXFileReference; lastKnownFileType = sourcecode.swift; path = RoundedCornerShape.swift; sourceTree = "<group>"; };
		60006229269644DB0085DF41 /* AuthRemoteRepository.swift */ = {isa = PBXFileReference; lastKnownFileType = sourcecode.swift; path = AuthRemoteRepository.swift; sourceTree = "<group>"; };
		6000622B2696451A0085DF41 /* LoginRequest.swift */ = {isa = PBXFileReference; lastKnownFileType = sourcecode.swift; path = LoginRequest.swift; sourceTree = "<group>"; };
		6000622D269645380085DF41 /* UserRegistrationRequest.swift */ = {isa = PBXFileReference; lastKnownFileType = sourcecode.swift; path = UserRegistrationRequest.swift; sourceTree = "<group>"; };
		6000622F2696482F0085DF41 /* Discardable.swift */ = {isa = PBXFileReference; lastKnownFileType = sourcecode.swift; path = Discardable.swift; sourceTree = "<group>"; };
		60006231269648C30085DF41 /* AuthService.swift */ = {isa = PBXFileReference; lastKnownFileType = sourcecode.swift; path = AuthService.swift; sourceTree = "<group>"; };
		6000623726965F280085DF41 /* UserLoginResponse.swift */ = {isa = PBXFileReference; lastKnownFileType = sourcecode.swift; path = UserLoginResponse.swift; sourceTree = "<group>"; };
		60006239269663750085DF41 /* AuthenticatedUser.swift */ = {isa = PBXFileReference; lastKnownFileType = sourcecode.swift; path = AuthenticatedUser.swift; sourceTree = "<group>"; };
		6016C1B826AAC6ED00375929 /* ImagePicker.swift */ = {isa = PBXFileReference; lastKnownFileType = sourcecode.swift; path = ImagePicker.swift; sourceTree = "<group>"; };
		6016C1BF26AAFE3F00375929 /* EditUserProfileView.swift */ = {isa = PBXFileReference; lastKnownFileType = sourcecode.swift; path = EditUserProfileView.swift; sourceTree = "<group>"; };
		6016C1C126AAFE4A00375929 /* EditUserProfileViewModel.swift */ = {isa = PBXFileReference; lastKnownFileType = sourcecode.swift; path = EditUserProfileViewModel.swift; sourceTree = "<group>"; };
		6016C1C326AB0A6400375929 /* UpdateUserProfileRequest.swift */ = {isa = PBXFileReference; lastKnownFileType = sourcecode.swift; path = UpdateUserProfileRequest.swift; sourceTree = "<group>"; };
		6016C1C526AB255C00375929 /* EditRestaurantProfileView.swift */ = {isa = PBXFileReference; lastKnownFileType = sourcecode.swift; path = EditRestaurantProfileView.swift; sourceTree = "<group>"; };
		6016C1C726AB256B00375929 /* EditRestaurantProfileViewModel.swift */ = {isa = PBXFileReference; lastKnownFileType = sourcecode.swift; path = EditRestaurantProfileViewModel.swift; sourceTree = "<group>"; };
		6016C1C926AB262800375929 /* UpdateRestaurantProfileRequest.swift */ = {isa = PBXFileReference; lastKnownFileType = sourcecode.swift; path = UpdateRestaurantProfileRequest.swift; sourceTree = "<group>"; };
		60173F2E269C8F03003C4E40 /* AlertView.swift */ = {isa = PBXFileReference; lastKnownFileType = sourcecode.swift; path = AlertView.swift; sourceTree = "<group>"; };
		60173F30269CA3B2003C4E40 /* InfoView.swift */ = {isa = PBXFileReference; lastKnownFileType = sourcecode.swift; path = InfoView.swift; sourceTree = "<group>"; };
		60173F32269CDF0B003C4E40 /* RestaurantRegistrationRequest.swift */ = {isa = PBXFileReference; lastKnownFileType = sourcecode.swift; path = RestaurantRegistrationRequest.swift; sourceTree = "<group>"; };
		60173F36269CE0CC003C4E40 /* AuthenticatedRestaurant.swift */ = {isa = PBXFileReference; lastKnownFileType = sourcecode.swift; path = AuthenticatedRestaurant.swift; sourceTree = "<group>"; };
		60173F38269CE10D003C4E40 /* Restaurant.swift */ = {isa = PBXFileReference; lastKnownFileType = sourcecode.swift; path = Restaurant.swift; sourceTree = "<group>"; };
		60173F3A269CE55A003C4E40 /* RestaurantLoginResponse.swift */ = {isa = PBXFileReference; lastKnownFileType = sourcecode.swift; path = RestaurantLoginResponse.swift; sourceTree = "<group>"; };
		60173F3C269CF53D003C4E40 /* ActivityIndicatorView.swift */ = {isa = PBXFileReference; lastKnownFileType = sourcecode.swift; path = ActivityIndicatorView.swift; sourceTree = "<group>"; };
		601A854D26B091A300B31C3D /* UpdateMenuView.swift */ = {isa = PBXFileReference; lastKnownFileType = sourcecode.swift; path = UpdateMenuView.swift; sourceTree = "<group>"; };
		601A854F26B091AD00B31C3D /* UpdateMenuViewModel.swift */ = {isa = PBXFileReference; lastKnownFileType = sourcecode.swift; path = UpdateMenuViewModel.swift; sourceTree = "<group>"; };
		601C0C1F269B00FE009181D2 /* RestaurantRegistrationView.swift */ = {isa = PBXFileReference; lastKnownFileType = sourcecode.swift; path = RestaurantRegistrationView.swift; sourceTree = "<group>"; };
		601C0C21269B0110009181D2 /* RestaurantRegistrationViewModel.swift */ = {isa = PBXFileReference; lastKnownFileType = sourcecode.swift; path = RestaurantRegistrationViewModel.swift; sourceTree = "<group>"; };
		602375D0269F5B550086B3B6 /* DataInfo.swift */ = {isa = PBXFileReference; lastKnownFileType = sourcecode.swift; path = DataInfo.swift; sourceTree = "<group>"; };
		6049C3BF268F9B9E00B891CC /* Repositories+Injection.swift */ = {isa = PBXFileReference; lastKnownFileType = sourcecode.swift; path = "Repositories+Injection.swift"; sourceTree = "<group>"; };
		6063B68626893B65001B1405 /* Menuely.app */ = {isa = PBXFileReference; explicitFileType = wrapper.application; includeInIndex = 0; path = Menuely.app; sourceTree = BUILT_PRODUCTS_DIR; };
		6063B68926893B65001B1405 /* MenuelyApp.swift */ = {isa = PBXFileReference; lastKnownFileType = sourcecode.swift; path = MenuelyApp.swift; sourceTree = "<group>"; };
		6063B68D26893B67001B1405 /* Assets.xcassets */ = {isa = PBXFileReference; lastKnownFileType = folder.assetcatalog; path = Assets.xcassets; sourceTree = "<group>"; };
		6063B69026893B67001B1405 /* Preview Assets.xcassets */ = {isa = PBXFileReference; lastKnownFileType = folder.assetcatalog; path = "Preview Assets.xcassets"; sourceTree = "<group>"; };
		6063B69226893B67001B1405 /* Info.plist */ = {isa = PBXFileReference; lastKnownFileType = text.plist.xml; path = Info.plist; sourceTree = "<group>"; };
		606531C626A43A3800C8C500 /* ProfileView.swift */ = {isa = PBXFileReference; lastKnownFileType = sourcecode.swift; path = ProfileView.swift; sourceTree = "<group>"; };
		606531C826A43A4100C8C500 /* ProfileViewModel.swift */ = {isa = PBXFileReference; lastKnownFileType = sourcecode.swift; path = ProfileViewModel.swift; sourceTree = "<group>"; };
		606531CA26A43B1900C8C500 /* OptionsView.swift */ = {isa = PBXFileReference; lastKnownFileType = sourcecode.swift; path = OptionsView.swift; sourceTree = "<group>"; };
		606531CC26A43B2300C8C500 /* OptionsViewModel.swift */ = {isa = PBXFileReference; lastKnownFileType = sourcecode.swift; path = OptionsViewModel.swift; sourceTree = "<group>"; };
		606531D026A43CF700C8C500 /* OptionItemView.swift */ = {isa = PBXFileReference; lastKnownFileType = sourcecode.swift; path = OptionItemView.swift; sourceTree = "<group>"; };
		606531D226A4871A00C8C500 /* OptionType.swift */ = {isa = PBXFileReference; lastKnownFileType = sourcecode.swift; path = OptionType.swift; sourceTree = "<group>"; };
		606531D726A4B4E900C8C500 /* LogoutBodyRequest.swift */ = {isa = PBXFileReference; lastKnownFileType = sourcecode.swift; path = LogoutBodyRequest.swift; sourceTree = "<group>"; };
		60660C6C2693861D00A6159E /* NetworkClient.swift */ = {isa = PBXFileReference; lastKnownFileType = sourcecode.swift; path = NetworkClient.swift; sourceTree = "<group>"; };
		606C9AC426A76D20005AD06E /* TabBarView.swift */ = {isa = PBXFileReference; lastKnownFileType = sourcecode.swift; path = TabBarView.swift; sourceTree = "<group>"; };
		606C9AC626A77768005AD06E /* TabBarViewModel.swift */ = {isa = PBXFileReference; lastKnownFileType = sourcecode.swift; path = TabBarViewModel.swift; sourceTree = "<group>"; };
		606C9AC826A7795E005AD06E /* RootView.swift */ = {isa = PBXFileReference; lastKnownFileType = sourcecode.swift; path = RootView.swift; sourceTree = "<group>"; };
		606C9ACA26A77966005AD06E /* RootViewModel.swift */ = {isa = PBXFileReference; lastKnownFileType = sourcecode.swift; path = RootViewModel.swift; sourceTree = "<group>"; };
		6071080826A8640D00008E44 /* AuthSelectionView.swift */ = {isa = PBXFileReference; lastKnownFileType = sourcecode.swift; path = AuthSelectionView.swift; sourceTree = "<group>"; };
		6071080A26A8641700008E44 /* AuthSelectionViewModel.swift */ = {isa = PBXFileReference; lastKnownFileType = sourcecode.swift; path = AuthSelectionViewModel.swift; sourceTree = "<group>"; };
		6071080C26A889F800008E44 /* AuthType.swift */ = {isa = PBXFileReference; lastKnownFileType = sourcecode.swift; path = AuthType.swift; sourceTree = "<group>"; };
		6071081526A8C36D00008E44 /* ProfileHeaderView.swift */ = {isa = PBXFileReference; lastKnownFileType = sourcecode.swift; path = ProfileHeaderView.swift; sourceTree = "<group>"; };
		6071081726A8C67800008E44 /* AccountInfoView.swift */ = {isa = PBXFileReference; lastKnownFileType = sourcecode.swift; path = AccountInfoView.swift; sourceTree = "<group>"; };
		6074792826A9B46B00F18693 /* UserProfileView.swift */ = {isa = PBXFileReference; lastKnownFileType = sourcecode.swift; path = UserProfileView.swift; sourceTree = "<group>"; };
		6074792A26A9B47800F18693 /* UserProfileViewModel.swift */ = {isa = PBXFileReference; lastKnownFileType = sourcecode.swift; path = UserProfileViewModel.swift; sourceTree = "<group>"; };
		6074792C26A9B48A00F18693 /* RestaurantProfileView.swift */ = {isa = PBXFileReference; lastKnownFileType = sourcecode.swift; path = RestaurantProfileView.swift; sourceTree = "<group>"; };
		6074792E26A9B49300F18693 /* RestaurantProfileViewModel.swift */ = {isa = PBXFileReference; lastKnownFileType = sourcecode.swift; path = RestaurantProfileViewModel.swift; sourceTree = "<group>"; };
		6074793026A9BB2B00F18693 /* UserResponse.swift */ = {isa = PBXFileReference; lastKnownFileType = sourcecode.swift; path = UserResponse.swift; sourceTree = "<group>"; };
		6074793226A9C49700F18693 /* DateUtility.swift */ = {isa = PBXFileReference; lastKnownFileType = sourcecode.swift; path = DateUtility.swift; sourceTree = "<group>"; };
		6074793426A9D3F900F18693 /* RestaurantsRemoteRepository.swift */ = {isa = PBXFileReference; lastKnownFileType = sourcecode.swift; path = RestaurantsRemoteRepository.swift; sourceTree = "<group>"; };
		6074793626A9D53F00F18693 /* RestaurantsListResponse.swift */ = {isa = PBXFileReference; lastKnownFileType = sourcecode.swift; path = RestaurantsListResponse.swift; sourceTree = "<group>"; };
		6074793826A9D59300F18693 /* RestaurantResponse.swift */ = {isa = PBXFileReference; lastKnownFileType = sourcecode.swift; path = RestaurantResponse.swift; sourceTree = "<group>"; };
		6074793A26A9D61F00F18693 /* RestaurantsService.swift */ = {isa = PBXFileReference; lastKnownFileType = sourcecode.swift; path = RestaurantsService.swift; sourceTree = "<group>"; };
		6074793C26A9E30100F18693 /* DescriptionView.swift */ = {isa = PBXFileReference; lastKnownFileType = sourcecode.swift; path = DescriptionView.swift; sourceTree = "<group>"; };
		6074C0B3268C940700DA3B21 /* AppState.swift */ = {isa = PBXFileReference; lastKnownFileType = sourcecode.swift; path = AppState.swift; sourceTree = "<group>"; };
		6074C0B5268CADB100DA3B21 /* Store.swift */ = {isa = PBXFileReference; lastKnownFileType = sourcecode.swift; path = Store.swift; sourceTree = "<group>"; };
		6074C0B7268CB32500DA3B21 /* CancelBag.swift */ = {isa = PBXFileReference; lastKnownFileType = sourcecode.swift; path = CancelBag.swift; sourceTree = "<group>"; };
		6074C0B9268CC06600DA3B21 /* Loadable.swift */ = {isa = PBXFileReference; lastKnownFileType = sourcecode.swift; path = Loadable.swift; sourceTree = "<group>"; };
		6074C0BB268CCB3700DA3B21 /* APIConfigurable.swift */ = {isa = PBXFileReference; lastKnownFileType = sourcecode.swift; path = APIConfigurable.swift; sourceTree = "<group>"; };
		6074C0BF268CD41400DA3B21 /* NetworkingHelpers.swift */ = {isa = PBXFileReference; lastKnownFileType = sourcecode.swift; path = NetworkingHelpers.swift; sourceTree = "<group>"; };
		6074C0C1268CDC5E00DA3B21 /* Miscellaneous.swift */ = {isa = PBXFileReference; lastKnownFileType = sourcecode.swift; path = Miscellaneous.swift; sourceTree = "<group>"; };
		6077EBC226AC6FC500D6D4F4 /* PopoversViewModifier.swift */ = {isa = PBXFileReference; lastKnownFileType = sourcecode.swift; path = PopoversViewModifier.swift; sourceTree = "<group>"; };
		6077EBC426AC996500D6D4F4 /* UpdatePasswordRequest.swift */ = {isa = PBXFileReference; lastKnownFileType = sourcecode.swift; path = UpdatePasswordRequest.swift; sourceTree = "<group>"; };
		6077EBC626AC9B3500D6D4F4 /* UpdatePasswordView.swift */ = {isa = PBXFileReference; lastKnownFileType = sourcecode.swift; path = UpdatePasswordView.swift; sourceTree = "<group>"; };
		6077EBC826AC9B3E00D6D4F4 /* UpdatePasswordViewModel.swift */ = {isa = PBXFileReference; lastKnownFileType = sourcecode.swift; path = UpdatePasswordViewModel.swift; sourceTree = "<group>"; };
		6077EBCA26ACC8FF00D6D4F4 /* UpdateEmailRequest.swift */ = {isa = PBXFileReference; lastKnownFileType = sourcecode.swift; path = UpdateEmailRequest.swift; sourceTree = "<group>"; };
		6077EBCC26ACCB4D00D6D4F4 /* UpdateEmailView.swift */ = {isa = PBXFileReference; lastKnownFileType = sourcecode.swift; path = UpdateEmailView.swift; sourceTree = "<group>"; };
		6077EBCE26ACCB5700D6D4F4 /* UpdateEmailViewModel.swift */ = {isa = PBXFileReference; lastKnownFileType = sourcecode.swift; path = UpdateEmailViewModel.swift; sourceTree = "<group>"; };
		607B5BF426B1EE2A00E4A707 /* UpdateImageRequest.swift */ = {isa = PBXFileReference; lastKnownFileType = sourcecode.swift; path = UpdateImageRequest.swift; sourceTree = "<group>"; };
		60944F3A268DC8460063CD61 /* Application+Injection.swift */ = {isa = PBXFileReference; lastKnownFileType = sourcecode.swift; path = "Application+Injection.swift"; sourceTree = "<group>"; };
		6097A7D026A0DD4100BC3534 /* AuthCredentials.swift */ = {isa = PBXFileReference; lastKnownFileType = sourcecode.swift; path = AuthCredentials.swift; sourceTree = "<group>"; };
		60A57CD926AF220C00A53341 /* MenuCell.swift */ = {isa = PBXFileReference; lastKnownFileType = sourcecode.swift; path = MenuCell.swift; sourceTree = "<group>"; };
		60A57CDD26AF280A00A53341 /* MenusListView.swift */ = {isa = PBXFileReference; lastKnownFileType = sourcecode.swift; path = MenusListView.swift; sourceTree = "<group>"; };
		60A57CDF26AF281500A53341 /* MenusListViewModel.swift */ = {isa = PBXFileReference; lastKnownFileType = sourcecode.swift; path = MenusListViewModel.swift; sourceTree = "<group>"; };
		60A57CE126AF2F6700A53341 /* Menu.swift */ = {isa = PBXFileReference; lastKnownFileType = sourcecode.swift; path = Menu.swift; sourceTree = "<group>"; };
		60A57CE326AF317200A53341 /* MenusListResponse.swift */ = {isa = PBXFileReference; lastKnownFileType = sourcecode.swift; path = MenusListResponse.swift; sourceTree = "<group>"; };
		60A57CE526AF31F800A53341 /* MenusRemoteRepository.swift */ = {isa = PBXFileReference; lastKnownFileType = sourcecode.swift; path = MenusRemoteRepository.swift; sourceTree = "<group>"; };
		60A57CE726AF329C00A53341 /* MenusRequest.swift */ = {isa = PBXFileReference; lastKnownFileType = sourcecode.swift; path = MenusRequest.swift; sourceTree = "<group>"; };
		60A57CEA26AF34EC00A53341 /* CreateMenuRequest.swift */ = {isa = PBXFileReference; lastKnownFileType = sourcecode.swift; path = CreateMenuRequest.swift; sourceTree = "<group>"; };
		60A57CEC26AF34F800A53341 /* UpdateMenuRequest.swift */ = {isa = PBXFileReference; lastKnownFileType = sourcecode.swift; path = UpdateMenuRequest.swift; sourceTree = "<group>"; };
		60A57CF026AF3B2600A53341 /* MenusService.swift */ = {isa = PBXFileReference; lastKnownFileType = sourcecode.swift; path = MenusService.swift; sourceTree = "<group>"; };
		60A57CF326AF42A900A53341 /* CreateMenuView.swift */ = {isa = PBXFileReference; lastKnownFileType = sourcecode.swift; path = CreateMenuView.swift; sourceTree = "<group>"; };
		60A67193269B35400083C0E9 /* LoginView.swift */ = {isa = PBXFileReference; lastKnownFileType = sourcecode.swift; path = LoginView.swift; sourceTree = "<group>"; };
		60A67195269B354A0083C0E9 /* LoginViewModel.swift */ = {isa = PBXFileReference; lastKnownFileType = sourcecode.swift; path = LoginViewModel.swift; sourceTree = "<group>"; };
		60A67197269B363E0083C0E9 /* EntityType.swift */ = {isa = PBXFileReference; lastKnownFileType = sourcecode.swift; path = EntityType.swift; sourceTree = "<group>"; };
		60B510A526B2F6B800218D6D /* CategoryCell.swift */ = {isa = PBXFileReference; lastKnownFileType = sourcecode.swift; path = CategoryCell.swift; sourceTree = "<group>"; };
		60B510A826B2FD9B00218D6D /* CategoriesListView.swift */ = {isa = PBXFileReference; lastKnownFileType = sourcecode.swift; path = CategoriesListView.swift; sourceTree = "<group>"; };
		60B510AA26B2FDAB00218D6D /* CategoriesListViewModel.swift */ = {isa = PBXFileReference; lastKnownFileType = sourcecode.swift; path = CategoriesListViewModel.swift; sourceTree = "<group>"; };
		60B510AC26B3350C00218D6D /* CreateCategoryView.swift */ = {isa = PBXFileReference; lastKnownFileType = sourcecode.swift; path = CreateCategoryView.swift; sourceTree = "<group>"; };
		60B510AE26B3351900218D6D /* CreateCategoryViewModel.swift */ = {isa = PBXFileReference; lastKnownFileType = sourcecode.swift; path = CreateCategoryViewModel.swift; sourceTree = "<group>"; };
		60B510B026B33B4400218D6D /* ImageName.swift */ = {isa = PBXFileReference; lastKnownFileType = sourcecode.swift; path = ImageName.swift; sourceTree = "<group>"; };
		60BF85AB2698F0DE00890C0F /* RootViewModifier.swift */ = {isa = PBXFileReference; lastKnownFileType = sourcecode.swift; path = RootViewModifier.swift; sourceTree = "<group>"; };
		60BF85B12698F87700890C0F /* FloatingTextField.swift */ = {isa = PBXFileReference; lastKnownFileType = sourcecode.swift; path = FloatingTextField.swift; sourceTree = "<group>"; };
		60BF85B62699172E00890C0F /* SelectionCardView.swift */ = {isa = PBXFileReference; lastKnownFileType = sourcecode.swift; path = SelectionCardView.swift; sourceTree = "<group>"; };
		60BF85B826991AC000890C0F /* Image+Extension.swift */ = {isa = PBXFileReference; lastKnownFileType = sourcecode.swift; path = "Image+Extension.swift"; sourceTree = "<group>"; };
		60C8D55D26ADC3690079EF48 /* ScanView.swift */ = {isa = PBXFileReference; lastKnownFileType = sourcecode.swift; path = ScanView.swift; sourceTree = "<group>"; };
		60C8D55F26ADC3710079EF48 /* ScanViewModel.swift */ = {isa = PBXFileReference; lastKnownFileType = sourcecode.swift; path = ScanViewModel.swift; sourceTree = "<group>"; };
		60C8D56526AE05590079EF48 /* SearchRequest.swift */ = {isa = PBXFileReference; lastKnownFileType = sourcecode.swift; path = SearchRequest.swift; sourceTree = "<group>"; };
		60D32CBF2699A83C00F6FDC9 /* RoundedGradientButtonStyle.swift */ = {isa = PBXFileReference; lastKnownFileType = sourcecode.swift; path = RoundedGradientButtonStyle.swift; sourceTree = "<group>"; };
		60D32CCF2699EC0900F6FDC9 /* Utilities+Injection.swift */ = {isa = PBXFileReference; lastKnownFileType = sourcecode.swift; path = "Utilities+Injection.swift"; sourceTree = "<group>"; };
		60D32CD12699ED9200F6FDC9 /* Constants+Injection.swift */ = {isa = PBXFileReference; lastKnownFileType = sourcecode.swift; path = "Constants+Injection.swift"; sourceTree = "<group>"; };
		60D32CDF2699FA3100F6FDC9 /* UserRegistrationViewModel.swift */ = {isa = PBXFileReference; lastKnownFileType = sourcecode.swift; path = UserRegistrationViewModel.swift; sourceTree = "<group>"; };
		60D32CE12699FA3B00F6FDC9 /* UserRegistrationView.swift */ = {isa = PBXFileReference; lastKnownFileType = sourcecode.swift; path = UserRegistrationView.swift; sourceTree = "<group>"; };
		60D32CE3269A082600F6FDC9 /* SelectionCardButtonStyle.swift */ = {isa = PBXFileReference; lastKnownFileType = sourcecode.swift; path = SelectionCardButtonStyle.swift; sourceTree = "<group>"; };
		60D4CFB026B53F8B00DA799E /* CreateProductView.swift */ = {isa = PBXFileReference; lastKnownFileType = sourcecode.swift; path = CreateProductView.swift; sourceTree = "<group>"; };
		60D4CFB226B53F9900DA799E /* CreateProductViewModel.swift */ = {isa = PBXFileReference; lastKnownFileType = sourcecode.swift; path = CreateProductViewModel.swift; sourceTree = "<group>"; };
		60D4CFB426B5460C00DA799E /* UpdateProductView.swift */ = {isa = PBXFileReference; lastKnownFileType = sourcecode.swift; path = UpdateProductView.swift; sourceTree = "<group>"; };
		60D4CFB626B5461A00DA799E /* UpdateProductViewModel.swift */ = {isa = PBXFileReference; lastKnownFileType = sourcecode.swift; path = UpdateProductViewModel.swift; sourceTree = "<group>"; };
		60E395372690917C007E459E /* TokensRequest.swift */ = {isa = PBXFileReference; lastKnownFileType = sourcecode.swift; path = TokensRequest.swift; sourceTree = "<group>"; };
		60E395392690918D007E459E /* TokensResponse.swift */ = {isa = PBXFileReference; lastKnownFileType = sourcecode.swift; path = TokensResponse.swift; sourceTree = "<group>"; };
		60E3953B26909197007E459E /* Tokens.swift */ = {isa = PBXFileReference; lastKnownFileType = sourcecode.swift; path = Tokens.swift; sourceTree = "<group>"; };
		60E4ED69268DCC7B00EC4561 /* Services+Injection.swift */ = {isa = PBXFileReference; lastKnownFileType = sourcecode.swift; path = "Services+Injection.swift"; sourceTree = "<group>"; };
		60E4ED6B268DD45400EC4561 /* ApplicationEventsHandler.swift */ = {isa = PBXFileReference; lastKnownFileType = sourcecode.swift; path = ApplicationEventsHandler.swift; sourceTree = "<group>"; };
		60E4ED6D268DE40B00EC4561 /* UsersService.swift */ = {isa = PBXFileReference; lastKnownFileType = sourcecode.swift; path = UsersService.swift; sourceTree = "<group>"; };
		60E4ED6F268DECA600EC4561 /* UsersListResponse.swift */ = {isa = PBXFileReference; lastKnownFileType = sourcecode.swift; path = UsersListResponse.swift; sourceTree = "<group>"; };
		60E4ED71268DEE4100EC4561 /* RemoteImage.swift */ = {isa = PBXFileReference; lastKnownFileType = sourcecode.swift; path = RemoteImage.swift; sourceTree = "<group>"; };
		60E4ED73268DEFC300EC4561 /* UsersRemoteRepository.swift */ = {isa = PBXFileReference; lastKnownFileType = sourcecode.swift; path = UsersRemoteRepository.swift; sourceTree = "<group>"; };
		60E4ED79268E174A00EC4561 /* ViewModels+Injection.swift */ = {isa = PBXFileReference; lastKnownFileType = sourcecode.swift; path = "ViewModels+Injection.swift"; sourceTree = "<group>"; };
		60F3BAC82694ACA6005798C1 /* AuthRequestInterceptor.swift */ = {isa = PBXFileReference; lastKnownFileType = sourcecode.swift; path = AuthRequestInterceptor.swift; sourceTree = "<group>"; };
		60F3BACA2694B85B005798C1 /* Authenticator.swift */ = {isa = PBXFileReference; lastKnownFileType = sourcecode.swift; path = Authenticator.swift; sourceTree = "<group>"; };
		60F3BACF2694BB17005798C1 /* User.swift */ = {isa = PBXFileReference; lastKnownFileType = sourcecode.swift; path = User.swift; sourceTree = "<group>"; };
		60FE2A3B26B44A7D006A96B4 /* ProductCell.swift */ = {isa = PBXFileReference; lastKnownFileType = sourcecode.swift; path = ProductCell.swift; sourceTree = "<group>"; };
		60FE2A3D26B4895A006A96B4 /* StretchyHeader.swift */ = {isa = PBXFileReference; lastKnownFileType = sourcecode.swift; path = StretchyHeader.swift; sourceTree = "<group>"; };
		60FE2A3F26B489F1006A96B4 /* ProductsListViewModel.swift */ = {isa = PBXFileReference; lastKnownFileType = sourcecode.swift; path = ProductsListViewModel.swift; sourceTree = "<group>"; };
		60FF8C2F26A388350050DA8A /* LocalRepository.swift */ = {isa = PBXFileReference; lastKnownFileType = sourcecode.swift; path = LocalRepository.swift; sourceTree = "<group>"; };
/* End PBXFileReference section */

/* Begin PBXFrameworksBuildPhase section */
		6063B68326893B65001B1405 /* Frameworks */ = {
			isa = PBXFrameworksBuildPhase;
			buildActionMask = 2147483647;
			files = (
				60C8D56326ADCAD10079EF48 /* CodeScanner in Frameworks */,
				6071081226A8B32500008E44 /* SDWebImageSwiftUI in Frameworks */,
				60944F39268DC73F0063CD61 /* Resolver in Frameworks */,
				60660C692693837400A6159E /* Alamofire in Frameworks */,
			);
			runOnlyForDeploymentPostprocessing = 0;
		};
/* End PBXFrameworksBuildPhase section */

/* Begin PBXGroup section */
		0C7CD87426B3F6690066645E /* Products */ = {
			isa = PBXGroup;
			children = (
				0C7CD87526B3F6840066645E /* ProductsListView.swift */,
				60FE2A3F26B489F1006A96B4 /* ProductsListViewModel.swift */,
				60D4CFB026B53F8B00DA799E /* CreateProductView.swift */,
				60D4CFB226B53F9900DA799E /* CreateProductViewModel.swift */,
				60D4CFB426B5460C00DA799E /* UpdateProductView.swift */,
				60D4CFB626B5461A00DA799E /* UpdateProductViewModel.swift */,
			);
			path = Products;
			sourceTree = "<group>";
		};
		0C7CD87B26B41F510066645E /* Products */ = {
			isa = PBXGroup;
			children = (
				0C7CD87C26B41F7B0066645E /* ProductsRequest.swift */,
				0C7CD87E26B41F850066645E /* CreateProductRequest.swift */,
				0C7CD88026B41F8F0066645E /* UpdateProductRequest.swift */,
			);
			path = Products;
			sourceTree = "<group>";
		};
		0C8B25E726B2C501007809CD /* Categories */ = {
			isa = PBXGroup;
			children = (
				0C8B25EA26B2C573007809CD /* CategoriesRequest.swift */,
				0C8B25E826B2C51A007809CD /* CreateCategoryRequest.swift */,
				0C8B25F226B2C804007809CD /* UpdateCategoryRequest.swift */,
			);
			path = Categories;
			sourceTree = "<group>";
		};
		0CDD50AE26AEE13A00CF2207 /* Shapes */ = {
			isa = PBXGroup;
			children = (
				0CDD50AF26AEE15100CF2207 /* RoundedCornerShape.swift */,
			);
			path = Shapes;
			sourceTree = "<group>";
		};
		6016C1BA26AAEC4600375929 /* Options */ = {
			isa = PBXGroup;
			children = (
				6016C1BF26AAFE3F00375929 /* EditUserProfileView.swift */,
				6016C1C126AAFE4A00375929 /* EditUserProfileViewModel.swift */,
				6016C1C526AB255C00375929 /* EditRestaurantProfileView.swift */,
				6016C1C726AB256B00375929 /* EditRestaurantProfileViewModel.swift */,
				6077EBC626AC9B3500D6D4F4 /* UpdatePasswordView.swift */,
				6077EBC826AC9B3E00D6D4F4 /* UpdatePasswordViewModel.swift */,
				6077EBCC26ACCB4D00D6D4F4 /* UpdateEmailView.swift */,
				6077EBCE26ACCB5700D6D4F4 /* UpdateEmailViewModel.swift */,
			);
			path = Options;
			sourceTree = "<group>";
		};
		601C0C0E269AE43B009181D2 /* Modifiers */ = {
			isa = PBXGroup;
			children = (
				60BF85AB2698F0DE00890C0F /* RootViewModifier.swift */,
				6077EBC226AC6FC500D6D4F4 /* PopoversViewModifier.swift */,
			);
			path = Modifiers;
			sourceTree = "<group>";
		};
		6063B67D26893B65001B1405 = {
			isa = PBXGroup;
			children = (
				6063B68826893B65001B1405 /* Menuely */,
				6063B68726893B65001B1405 /* Products */,
			);
			sourceTree = "<group>";
		};
		6063B68726893B65001B1405 /* Products */ = {
			isa = PBXGroup;
			children = (
				6063B68626893B65001B1405 /* Menuely.app */,
			);
			name = Products;
			sourceTree = "<group>";
		};
		6063B68826893B65001B1405 /* Menuely */ = {
			isa = PBXGroup;
			children = (
				6074C0AB268C79AF00DA3B21 /* Application */,
				6074C0AD268C79F600DA3B21 /* DI */,
				60660C6B2693860800A6159E /* Core */,
				6074C0B0268C7A3700DA3B21 /* Data */,
				6074C0AE268C7A2200DA3B21 /* Repositories */,
				6074C0AF268C7A3100DA3B21 /* Services */,
				6074C0B1268C7A3F00DA3B21 /* UI */,
				6074C0AC268C79E800DA3B21 /* Utilities */,
				6074C0B2268C7A4D00DA3B21 /* Resources */,
			);
			path = Menuely;
			sourceTree = "<group>";
		};
		6063B68F26893B67001B1405 /* Preview Content */ = {
			isa = PBXGroup;
			children = (
				6063B69026893B67001B1405 /* Preview Assets.xcassets */,
			);
			path = "Preview Content";
			sourceTree = "<group>";
		};
		606531C526A43A1A00C8C500 /* Profile */ = {
			isa = PBXGroup;
			children = (
				606531C626A43A3800C8C500 /* ProfileView.swift */,
				606531C826A43A4100C8C500 /* ProfileViewModel.swift */,
				6074792826A9B46B00F18693 /* UserProfileView.swift */,
				6074792A26A9B47800F18693 /* UserProfileViewModel.swift */,
				6074792C26A9B48A00F18693 /* RestaurantProfileView.swift */,
				6074792E26A9B49300F18693 /* RestaurantProfileViewModel.swift */,
				606531CA26A43B1900C8C500 /* OptionsView.swift */,
				606531CC26A43B2300C8C500 /* OptionsViewModel.swift */,
				6016C1BA26AAEC4600375929 /* Options */,
			);
			path = Profile;
			sourceTree = "<group>";
		};
		60660C6B2693860800A6159E /* Core */ = {
			isa = PBXGroup;
			children = (
				60F3BAC62694A709005798C1 /* Networking */,
			);
			path = Core;
			sourceTree = "<group>";
		};
		6074C0AB268C79AF00DA3B21 /* Application */ = {
			isa = PBXGroup;
			children = (
				6063B68926893B65001B1405 /* MenuelyApp.swift */,
				60E4ED6B268DD45400EC4561 /* ApplicationEventsHandler.swift */,
			);
			path = Application;
			sourceTree = "<group>";
		};
		6074C0AC268C79E800DA3B21 /* Utilities */ = {
			isa = PBXGroup;
			children = (
				60BF85B326990C4A00890C0F /* Extensions */,
				6074C0B5268CADB100DA3B21 /* Store.swift */,
				6074C0B7268CB32500DA3B21 /* CancelBag.swift */,
				6074C0B9268CC06600DA3B21 /* Loadable.swift */,
				6074C0C1268CDC5E00DA3B21 /* Miscellaneous.swift */,
				6074793226A9C49700F18693 /* DateUtility.swift */,
			);
			path = Utilities;
			sourceTree = "<group>";
		};
		6074C0AD268C79F600DA3B21 /* DI */ = {
			isa = PBXGroup;
			children = (
				6074C0B3268C940700DA3B21 /* AppState.swift */,
				60944F3A268DC8460063CD61 /* Application+Injection.swift */,
				60E4ED79268E174A00EC4561 /* ViewModels+Injection.swift */,
				60E4ED69268DCC7B00EC4561 /* Services+Injection.swift */,
				6049C3BF268F9B9E00B891CC /* Repositories+Injection.swift */,
				60D32CCF2699EC0900F6FDC9 /* Utilities+Injection.swift */,
				60D32CD12699ED9200F6FDC9 /* Constants+Injection.swift */,
			);
			path = DI;
			sourceTree = "<group>";
		};
		6074C0AE268C7A2200DA3B21 /* Repositories */ = {
			isa = PBXGroup;
			children = (
				60E4ED73268DEFC300EC4561 /* UsersRemoteRepository.swift */,
				6074793426A9D3F900F18693 /* RestaurantsRemoteRepository.swift */,
				60A57CE526AF31F800A53341 /* MenusRemoteRepository.swift */,
				0C8B25F026B2C73A007809CD /* CategoriesRemoteRepository.swift */,
				0C7CD88226B42A3E0066645E /* ProductsRemoteRepository.swift */,
				60F3BACA2694B85B005798C1 /* Authenticator.swift */,
				60006229269644DB0085DF41 /* AuthRemoteRepository.swift */,
				60FF8C2F26A388350050DA8A /* LocalRepository.swift */,
			);
			path = Repositories;
			sourceTree = "<group>";
		};
		6074C0AF268C7A3100DA3B21 /* Services */ = {
			isa = PBXGroup;
			children = (
				60E4ED6D268DE40B00EC4561 /* UsersService.swift */,
				6074793A26A9D61F00F18693 /* RestaurantsService.swift */,
				60A57CF026AF3B2600A53341 /* MenusService.swift */,
				0C8B25F626B2CDFE007809CD /* CategoriesService.swift */,
				0C7CD88426B42BEE0066645E /* ProductsService.swift */,
				60006231269648C30085DF41 /* AuthService.swift */,
			);
			path = Services;
			sourceTree = "<group>";
		};
		6074C0B0268C7A3700DA3B21 /* Data */ = {
			isa = PBXGroup;
			children = (
				60F3BACD2694BAE1005798C1 /* Request */,
				60F3BACE2694BAE6005798C1 /* Response */,
				60F3BACC2694BADA005798C1 /* Models */,
				60A67197269B363E0083C0E9 /* EntityType.swift */,
				606531D226A4871A00C8C500 /* OptionType.swift */,
				6071080C26A889F800008E44 /* AuthType.swift */,
				60B510B026B33B4400218D6D /* ImageName.swift */,
			);
			path = Data;
			sourceTree = "<group>";
		};
		6074C0B1268C7A3F00DA3B21 /* UI */ = {
			isa = PBXGroup;
			children = (
				606C9AC426A76D20005AD06E /* TabBarView.swift */,
				606C9AC626A77768005AD06E /* TabBarViewModel.swift */,
				606C9AC826A7795E005AD06E /* RootView.swift */,
				606C9ACA26A77966005AD06E /* RootViewModel.swift */,
				606531C526A43A1A00C8C500 /* Profile */,
				60BF85A42698EFCD00890C0F /* Auth */,
				60C8D55A26ADC05E0079EF48 /* Scan */,
				60A57CDB26AF27D600A53341 /* Offers */,
				60BF85B02698F6A600890C0F /* Components */,
				60D32CBD2699A81B00F6FDC9 /* Styles */,
				601C0C0E269AE43B009181D2 /* Modifiers */,
				0CDD50AE26AEE13A00CF2207 /* Shapes */,
			);
			path = UI;
			sourceTree = "<group>";
		};
		6074C0B2268C7A4D00DA3B21 /* Resources */ = {
			isa = PBXGroup;
			children = (
				6063B68D26893B67001B1405 /* Assets.xcassets */,
				6063B69226893B67001B1405 /* Info.plist */,
				6063B68F26893B67001B1405 /* Preview Content */,
			);
			path = Resources;
			sourceTree = "<group>";
		};
		60A57CDB26AF27D600A53341 /* Offers */ = {
			isa = PBXGroup;
			children = (
				60A57CDC26AF27E000A53341 /* Menus */,
				60B510A726B2FD7100218D6D /* Categories */,
				0C7CD87426B3F6690066645E /* Products */,
			);
			path = Offers;
			sourceTree = "<group>";
		};
		60A57CDC26AF27E000A53341 /* Menus */ = {
			isa = PBXGroup;
			children = (
				60A57CDD26AF280A00A53341 /* MenusListView.swift */,
				60A57CDF26AF281500A53341 /* MenusListViewModel.swift */,
				60A57CF326AF42A900A53341 /* CreateMenuView.swift */,
				0C7BBCB426AFEEEA0084715B /* CreateMenuViewModel.swift */,
				601A854D26B091A300B31C3D /* UpdateMenuView.swift */,
				601A854F26B091AD00B31C3D /* UpdateMenuViewModel.swift */,
			);
			path = Menus;
			sourceTree = "<group>";
		};
		60A57CE926AF349200A53341 /* Menus */ = {
			isa = PBXGroup;
			children = (
				60A57CE726AF329C00A53341 /* MenusRequest.swift */,
				60A57CEA26AF34EC00A53341 /* CreateMenuRequest.swift */,
				60A57CEC26AF34F800A53341 /* UpdateMenuRequest.swift */,
			);
			path = Menus;
			sourceTree = "<group>";
		};
		60B510A726B2FD7100218D6D /* Categories */ = {
			isa = PBXGroup;
			children = (
				60B510A826B2FD9B00218D6D /* CategoriesListView.swift */,
				60B510AA26B2FDAB00218D6D /* CategoriesListViewModel.swift */,
				60B510AC26B3350C00218D6D /* CreateCategoryView.swift */,
				60B510AE26B3351900218D6D /* CreateCategoryViewModel.swift */,
				0C7CD87026B3E8C00066645E /* UpdateCategoryView.swift */,
				0C7CD87226B3E8CA0066645E /* UpdateCategoryViewModel.swift */,
			);
			path = Categories;
			sourceTree = "<group>";
		};
		60BF85A42698EFCD00890C0F /* Auth */ = {
			isa = PBXGroup;
			children = (
				60FF8C1D26A338080050DA8A /* Login */,
				60FF8C1C26A337FC0050DA8A /* Registration */,
				6071080826A8640D00008E44 /* AuthSelectionView.swift */,
				6071080A26A8641700008E44 /* AuthSelectionViewModel.swift */,
			);
			path = Auth;
			sourceTree = "<group>";
		};
		60BF85B02698F6A600890C0F /* Components */ = {
			isa = PBXGroup;
			children = (
				60BF85B12698F87700890C0F /* FloatingTextField.swift */,
				0CDD50AA26AE957500CF2207 /* FloatingTextEditor.swift */,
				60BF85B62699172E00890C0F /* SelectionCardView.swift */,
				60173F2E269C8F03003C4E40 /* AlertView.swift */,
				60173F30269CA3B2003C4E40 /* InfoView.swift */,
				0C7BBCB826B02DB30084715B /* ActionView.swift */,
				60173F3C269CF53D003C4E40 /* ActivityIndicatorView.swift */,
				606531D026A43CF700C8C500 /* OptionItemView.swift */,
				6071081526A8C36D00008E44 /* ProfileHeaderView.swift */,
				6071081726A8C67800008E44 /* AccountInfoView.swift */,
				6074793C26A9E30100F18693 /* DescriptionView.swift */,
				6016C1B826AAC6ED00375929 /* ImagePicker.swift */,
				0CDD50AC26AEE04C00CF2207 /* SearchCell.swift */,
				60A57CD926AF220C00A53341 /* MenuCell.swift */,
				60B510A526B2F6B800218D6D /* CategoryCell.swift */,
				60FE2A3B26B44A7D006A96B4 /* ProductCell.swift */,
				60FE2A3D26B4895A006A96B4 /* StretchyHeader.swift */,
			);
			path = Components;
			sourceTree = "<group>";
		};
		60BF85B326990C4A00890C0F /* Extensions */ = {
			isa = PBXGroup;
			children = (
				60BF85B826991AC000890C0F /* Image+Extension.swift */,
			);
			path = Extensions;
			sourceTree = "<group>";
		};
		60C8D55A26ADC05E0079EF48 /* Scan */ = {
			isa = PBXGroup;
			children = (
				60C8D55D26ADC3690079EF48 /* ScanView.swift */,
				60C8D55F26ADC3710079EF48 /* ScanViewModel.swift */,
			);
			path = Scan;
			sourceTree = "<group>";
		};
		60D32CBD2699A81B00F6FDC9 /* Styles */ = {
			isa = PBXGroup;
			children = (
				60D32CBE2699A82400F6FDC9 /* Button */,
			);
			path = Styles;
			sourceTree = "<group>";
		};
		60D32CBE2699A82400F6FDC9 /* Button */ = {
			isa = PBXGroup;
			children = (
				60D32CBF2699A83C00F6FDC9 /* RoundedGradientButtonStyle.swift */,
				60D32CE3269A082600F6FDC9 /* SelectionCardButtonStyle.swift */,
			);
			path = Button;
			sourceTree = "<group>";
		};
		60F3BAC62694A709005798C1 /* Networking */ = {
			isa = PBXGroup;
			children = (
				60660C6C2693861D00A6159E /* NetworkClient.swift */,
				6074C0BB268CCB3700DA3B21 /* APIConfigurable.swift */,
				6074C0BF268CD41400DA3B21 /* NetworkingHelpers.swift */,
				60F3BAC82694ACA6005798C1 /* AuthRequestInterceptor.swift */,
			);
			path = Networking;
			sourceTree = "<group>";
		};
		60F3BACC2694BADA005798C1 /* Models */ = {
			isa = PBXGroup;
			children = (
				60E4ED71268DEE4100EC4561 /* RemoteImage.swift */,
				60E3953B26909197007E459E /* Tokens.swift */,
				60006239269663750085DF41 /* AuthenticatedUser.swift */,
				60F3BACF2694BB17005798C1 /* User.swift */,
				60173F36269CE0CC003C4E40 /* AuthenticatedRestaurant.swift */,
				60173F38269CE10D003C4E40 /* Restaurant.swift */,
				602375D0269F5B550086B3B6 /* DataInfo.swift */,
				6097A7D026A0DD4100BC3534 /* AuthCredentials.swift */,
				60A57CE126AF2F6700A53341 /* Menu.swift */,
				0C8B25EC26B2C5F7007809CD /* Category.swift */,
				0C7CD87926B41E570066645E /* Product.swift */,
			);
			path = Models;
			sourceTree = "<group>";
		};
		60F3BACD2694BAE1005798C1 /* Request */ = {
			isa = PBXGroup;
			children = (
				60E395372690917C007E459E /* TokensRequest.swift */,
				6000622B2696451A0085DF41 /* LoginRequest.swift */,
				6000622D269645380085DF41 /* UserRegistrationRequest.swift */,
				60173F32269CDF0B003C4E40 /* RestaurantRegistrationRequest.swift */,
				606531D726A4B4E900C8C500 /* LogoutBodyRequest.swift */,
				6016C1C326AB0A6400375929 /* UpdateUserProfileRequest.swift */,
				607B5BF426B1EE2A00E4A707 /* UpdateImageRequest.swift */,
				6016C1C926AB262800375929 /* UpdateRestaurantProfileRequest.swift */,
				6077EBC426AC996500D6D4F4 /* UpdatePasswordRequest.swift */,
				6077EBCA26ACC8FF00D6D4F4 /* UpdateEmailRequest.swift */,
				60C8D56526AE05590079EF48 /* SearchRequest.swift */,
				60A57CE926AF349200A53341 /* Menus */,
				0C8B25E726B2C501007809CD /* Categories */,
				0C7CD87B26B41F510066645E /* Products */,
			);
			path = Request;
			sourceTree = "<group>";
		};
		60F3BACE2694BAE6005798C1 /* Response */ = {
			isa = PBXGroup;
			children = (
				60E4ED6F268DECA600EC4561 /* UsersListResponse.swift */,
				6000623726965F280085DF41 /* UserLoginResponse.swift */,
				6074793026A9BB2B00F18693 /* UserResponse.swift */,
				6074793626A9D53F00F18693 /* RestaurantsListResponse.swift */,
				60173F3A269CE55A003C4E40 /* RestaurantLoginResponse.swift */,
				6074793826A9D59300F18693 /* RestaurantResponse.swift */,
				60A57CE326AF317200A53341 /* MenusListResponse.swift */,
				0C8B25EE26B2C6AF007809CD /* CategoriesListResponse.swift */,
				0C7CD87726B419540066645E /* ProductsListResponse.swift */,
				60E395392690918D007E459E /* TokensResponse.swift */,
				6000622F2696482F0085DF41 /* Discardable.swift */,
			);
			path = Response;
			sourceTree = "<group>";
		};
		60FF8C1C26A337FC0050DA8A /* Registration */ = {
			isa = PBXGroup;
			children = (
				601C0C1F269B00FE009181D2 /* RestaurantRegistrationView.swift */,
				601C0C21269B0110009181D2 /* RestaurantRegistrationViewModel.swift */,
				60D32CE12699FA3B00F6FDC9 /* UserRegistrationView.swift */,
				60D32CDF2699FA3100F6FDC9 /* UserRegistrationViewModel.swift */,
			);
			path = Registration;
			sourceTree = "<group>";
		};
		60FF8C1D26A338080050DA8A /* Login */ = {
			isa = PBXGroup;
			children = (
				60A67193269B35400083C0E9 /* LoginView.swift */,
				60A67195269B354A0083C0E9 /* LoginViewModel.swift */,
			);
			path = Login;
			sourceTree = "<group>";
		};
/* End PBXGroup section */

/* Begin PBXNativeTarget section */
		6063B68526893B65001B1405 /* Menuely */ = {
			isa = PBXNativeTarget;
			buildConfigurationList = 6063B69526893B67001B1405 /* Build configuration list for PBXNativeTarget "Menuely" */;
			buildPhases = (
				6063B68226893B65001B1405 /* Sources */,
				6063B68326893B65001B1405 /* Frameworks */,
				6063B68426893B65001B1405 /* Resources */,
			);
			buildRules = (
			);
			dependencies = (
			);
			name = Menuely;
			packageProductDependencies = (
				60944F38268DC73F0063CD61 /* Resolver */,
				60660C682693837400A6159E /* Alamofire */,
				6071081126A8B32500008E44 /* SDWebImageSwiftUI */,
				60C8D56226ADCAD10079EF48 /* CodeScanner */,
			);
			productName = Menuely;
			productReference = 6063B68626893B65001B1405 /* Menuely.app */;
			productType = "com.apple.product-type.application";
		};
/* End PBXNativeTarget section */

/* Begin PBXProject section */
		6063B67E26893B65001B1405 /* Project object */ = {
			isa = PBXProject;
			attributes = {
				LastSwiftUpdateCheck = 1250;
				LastUpgradeCheck = 1250;
				TargetAttributes = {
					6063B68526893B65001B1405 = {
						CreatedOnToolsVersion = 12.5.1;
					};
				};
			};
			buildConfigurationList = 6063B68126893B65001B1405 /* Build configuration list for PBXProject "Menuely" */;
			compatibilityVersion = "Xcode 9.3";
			developmentRegion = en;
			hasScannedForEncodings = 0;
			knownRegions = (
				en,
				Base,
			);
			mainGroup = 6063B67D26893B65001B1405;
			packageReferences = (
				60944F37268DC73F0063CD61 /* XCRemoteSwiftPackageReference "Resolver" */,
				60660C672693837400A6159E /* XCRemoteSwiftPackageReference "Alamofire" */,
				6071081026A8B32500008E44 /* XCRemoteSwiftPackageReference "SDWebImageSwiftUI" */,
				60C8D56126ADCAD10079EF48 /* XCRemoteSwiftPackageReference "CodeScanner" */,
			);
			productRefGroup = 6063B68726893B65001B1405 /* Products */;
			projectDirPath = "";
			projectRoot = "";
			targets = (
				6063B68526893B65001B1405 /* Menuely */,
			);
		};
/* End PBXProject section */

/* Begin PBXResourcesBuildPhase section */
		6063B68426893B65001B1405 /* Resources */ = {
			isa = PBXResourcesBuildPhase;
			buildActionMask = 2147483647;
			files = (
				6063B69126893B67001B1405 /* Preview Assets.xcassets in Resources */,
				6063B68E26893B67001B1405 /* Assets.xcassets in Resources */,
			);
			runOnlyForDeploymentPostprocessing = 0;
		};
/* End PBXResourcesBuildPhase section */

/* Begin PBXSourcesBuildPhase section */
		6063B68226893B65001B1405 /* Sources */ = {
			isa = PBXSourcesBuildPhase;
			buildActionMask = 2147483647;
			files = (
				0C7CD88326B42A3E0066645E /* ProductsRemoteRepository.swift in Sources */,
				0C7CD87A26B41E570066645E /* Product.swift in Sources */,
				60173F2F269C8F03003C4E40 /* AlertView.swift in Sources */,
				60D4CFB726B5461A00DA799E /* UpdateProductViewModel.swift in Sources */,
				0C7CD88126B41F8F0066645E /* UpdateProductRequest.swift in Sources */,
				6071081826A8C67800008E44 /* AccountInfoView.swift in Sources */,
				606531CB26A43B1900C8C500 /* OptionsView.swift in Sources */,
				601C0C20269B00FE009181D2 /* RestaurantRegistrationView.swift in Sources */,
				0C7BBCB926B02DB30084715B /* ActionView.swift in Sources */,
				60173F37269CE0CC003C4E40 /* AuthenticatedRestaurant.swift in Sources */,
				60C8D55E26ADC3690079EF48 /* ScanView.swift in Sources */,
				60D32CD02699EC0900F6FDC9 /* Utilities+Injection.swift in Sources */,
				60E4ED6A268DCC7B00EC4561 /* Services+Injection.swift in Sources */,
				6049C3C0268F9B9E00B891CC /* Repositories+Injection.swift in Sources */,
				6000623826965F280085DF41 /* UserLoginResponse.swift in Sources */,
				0C7CD87326B3E8CA0066645E /* UpdateCategoryViewModel.swift in Sources */,
				6077EBCF26ACCB5700D6D4F4 /* UpdateEmailViewModel.swift in Sources */,
				6071080D26A889F800008E44 /* AuthType.swift in Sources */,
				6077EBC926AC9B3E00D6D4F4 /* UpdatePasswordViewModel.swift in Sources */,
				6077EBC526AC996500D6D4F4 /* UpdatePasswordRequest.swift in Sources */,
				60A57CE826AF329C00A53341 /* MenusRequest.swift in Sources */,
				6077EBCB26ACC8FF00D6D4F4 /* UpdateEmailRequest.swift in Sources */,
				0CDD50AB26AE957500CF2207 /* FloatingTextEditor.swift in Sources */,
				60C8D56626AE05590079EF48 /* SearchRequest.swift in Sources */,
				601C0C22269B0110009181D2 /* RestaurantRegistrationViewModel.swift in Sources */,
				6000622E269645380085DF41 /* UserRegistrationRequest.swift in Sources */,
				6074792B26A9B47800F18693 /* UserProfileViewModel.swift in Sources */,
				6074793D26A9E30100F18693 /* DescriptionView.swift in Sources */,
				606531C926A43A4100C8C500 /* ProfileViewModel.swift in Sources */,
				6000623A269663750085DF41 /* AuthenticatedUser.swift in Sources */,
				0C8B25F326B2C804007809CD /* UpdateCategoryRequest.swift in Sources */,
				6074793926A9D59300F18693 /* RestaurantResponse.swift in Sources */,
				6074C0B4268C940700DA3B21 /* AppState.swift in Sources */,
				6077EBC326AC6FC500D6D4F4 /* PopoversViewModifier.swift in Sources */,
				6077EBCD26ACCB4D00D6D4F4 /* UpdateEmailView.swift in Sources */,
				60F3BACB2694B85B005798C1 /* Authenticator.swift in Sources */,
				0C7CD87126B3E8C00066645E /* UpdateCategoryView.swift in Sources */,
				60D32CE4269A082600F6FDC9 /* SelectionCardButtonStyle.swift in Sources */,
				6071080B26A8641700008E44 /* AuthSelectionViewModel.swift in Sources */,
				60173F31269CA3B2003C4E40 /* InfoView.swift in Sources */,
				60E4ED7A268E174A00EC4561 /* ViewModels+Injection.swift in Sources */,
				60B510AF26B3351900218D6D /* CreateCategoryViewModel.swift in Sources */,
				60D4CFB526B5460C00DA799E /* UpdateProductView.swift in Sources */,
				60F3BAD02694BB17005798C1 /* User.swift in Sources */,
				60D4CFB326B53F9900DA799E /* CreateProductViewModel.swift in Sources */,
				6071081626A8C36D00008E44 /* ProfileHeaderView.swift in Sources */,
				6074793526A9D3F900F18693 /* RestaurantsRemoteRepository.swift in Sources */,
				60BF85B926991AC000890C0F /* Image+Extension.swift in Sources */,
				6074C0B8268CB32500DA3B21 /* CancelBag.swift in Sources */,
				60A67194269B35400083C0E9 /* LoginView.swift in Sources */,
				606C9ACB26A77966005AD06E /* RootViewModel.swift in Sources */,
				606531D126A43CF700C8C500 /* OptionItemView.swift in Sources */,
				60D32CD22699ED9200F6FDC9 /* Constants+Injection.swift in Sources */,
				6074793326A9C49700F18693 /* DateUtility.swift in Sources */,
				60E4ED6E268DE40B00EC4561 /* UsersService.swift in Sources */,
				6016C1C826AB256B00375929 /* EditRestaurantProfileViewModel.swift in Sources */,
				60173F33269CDF0B003C4E40 /* RestaurantRegistrationRequest.swift in Sources */,
				60B510A926B2FD9C00218D6D /* CategoriesListView.swift in Sources */,
				0C8B25ED26B2C5F7007809CD /* Category.swift in Sources */,
				60FE2A3C26B44A7D006A96B4 /* ProductCell.swift in Sources */,
				60C8D56026ADC3710079EF48 /* ScanViewModel.swift in Sources */,
				606531D326A4871A00C8C500 /* OptionType.swift in Sources */,
				6077EBC726AC9B3500D6D4F4 /* UpdatePasswordView.swift in Sources */,
				60BF85AC2698F0DE00890C0F /* RootViewModifier.swift in Sources */,
				0CDD50AD26AEE04C00CF2207 /* SearchCell.swift in Sources */,
				60FE2A3E26B4895A006A96B4 /* StretchyHeader.swift in Sources */,
				60660C6D2693861D00A6159E /* NetworkClient.swift in Sources */,
				0C8B25F126B2C73A007809CD /* CategoriesRemoteRepository.swift in Sources */,
				6016C1C426AB0A6400375929 /* UpdateUserProfileRequest.swift in Sources */,
				606531CD26A43B2300C8C500 /* OptionsViewModel.swift in Sources */,
				60E4ED70268DECA600EC4561 /* UsersListResponse.swift in Sources */,
				0C8B25EB26B2C573007809CD /* CategoriesRequest.swift in Sources */,
				6074793126A9BB2B00F18693 /* UserResponse.swift in Sources */,
				0C7CD87626B3F6840066645E /* ProductsListView.swift in Sources */,
				6074C0C2268CDC5E00DA3B21 /* Miscellaneous.swift in Sources */,
				60A57CDE26AF280A00A53341 /* MenusListView.swift in Sources */,
				6074793726A9D53F00F18693 /* RestaurantsListResponse.swift in Sources */,
				0C7BBCB526AFEEEA0084715B /* CreateMenuViewModel.swift in Sources */,
				6074C0BC268CCB3700DA3B21 /* APIConfigurable.swift in Sources */,
				60D4CFB126B53F8B00DA799E /* CreateProductView.swift in Sources */,
				60A57CEB26AF34EC00A53341 /* CreateMenuRequest.swift in Sources */,
				60F3BAC92694ACA6005798C1 /* AuthRequestInterceptor.swift in Sources */,
				6016C1B926AAC6ED00375929 /* ImagePicker.swift in Sources */,
				60FE2A4026B489F1006A96B4 /* ProductsListViewModel.swift in Sources */,
				60944F3B268DC8460063CD61 /* Application+Injection.swift in Sources */,
				6074792926A9B46B00F18693 /* UserProfileView.swift in Sources */,
				60BF85B72699172E00890C0F /* SelectionCardView.swift in Sources */,
				6074793B26A9D61F00F18693 /* RestaurantsService.swift in Sources */,
				0C7CD87D26B41F7B0066645E /* ProductsRequest.swift in Sources */,
				6000622A269644DB0085DF41 /* AuthRemoteRepository.swift in Sources */,
				600062302696482F0085DF41 /* Discardable.swift in Sources */,
				60A57CE026AF281500A53341 /* MenusListViewModel.swift in Sources */,
				60173F3D269CF53D003C4E40 /* ActivityIndicatorView.swift in Sources */,
				60E3953C26909197007E459E /* Tokens.swift in Sources */,
				6063B68A26893B65001B1405 /* MenuelyApp.swift in Sources */,
				606531D826A4B4EA00C8C500 /* LogoutBodyRequest.swift in Sources */,
				60D32CE22699FA3B00F6FDC9 /* UserRegistrationView.swift in Sources */,
				6016C1C226AAFE4A00375929 /* EditUserProfileViewModel.swift in Sources */,
				60E4ED72268DEE4100EC4561 /* RemoteImage.swift in Sources */,
				60A57CE426AF317200A53341 /* MenusListResponse.swift in Sources */,
				60173F39269CE10D003C4E40 /* Restaurant.swift in Sources */,
				60A57CF426AF42A900A53341 /* CreateMenuView.swift in Sources */,
				60FF8C3026A388350050DA8A /* LocalRepository.swift in Sources */,
				0C8B25EF26B2C6AF007809CD /* CategoriesListResponse.swift in Sources */,
				60B510B126B33B4400218D6D /* ImageName.swift in Sources */,
				60B510AB26B2FDAB00218D6D /* CategoriesListViewModel.swift in Sources */,
				60B510AD26B3350C00218D6D /* CreateCategoryView.swift in Sources */,
				606C9AC926A7795E005AD06E /* RootView.swift in Sources */,
				60A57CF126AF3B2600A53341 /* MenusService.swift in Sources */,
				60E395382690917C007E459E /* TokensRequest.swift in Sources */,
				60A67196269B354A0083C0E9 /* LoginViewModel.swift in Sources */,
				60006232269648C30085DF41 /* AuthService.swift in Sources */,
				60A57CE226AF2F6700A53341 /* Menu.swift in Sources */,
				0C8B25E926B2C51A007809CD /* CreateCategoryRequest.swift in Sources */,
				6074792D26A9B48A00F18693 /* RestaurantProfileView.swift in Sources */,
				6097A7D126A0DD4200BC3534 /* AuthCredentials.swift in Sources */,
				6074C0C0268CD41400DA3B21 /* NetworkingHelpers.swift in Sources */,
				607B5BF526B1EE2A00E4A707 /* UpdateImageRequest.swift in Sources */,
				60E3953A2690918D007E459E /* TokensResponse.swift in Sources */,
				601A854E26B091A300B31C3D /* UpdateMenuView.swift in Sources */,
				0C7CD87F26B41F850066645E /* CreateProductRequest.swift in Sources */,
				60BF85B22698F87700890C0F /* FloatingTextField.swift in Sources */,
				60173F3B269CE55A003C4E40 /* RestaurantLoginResponse.swift in Sources */,
				60D32CC02699A83C00F6FDC9 /* RoundedGradientButtonStyle.swift in Sources */,
				6074792F26A9B49300F18693 /* RestaurantProfileViewModel.swift in Sources */,
				60A57CED26AF34F800A53341 /* UpdateMenuRequest.swift in Sources */,
				0C7CD88526B42BEE0066645E /* ProductsService.swift in Sources */,
				60A67198269B363E0083C0E9 /* EntityType.swift in Sources */,
				0C8B25F726B2CDFE007809CD /* CategoriesService.swift in Sources */,
				60D32CE02699FA3100F6FDC9 /* UserRegistrationViewModel.swift in Sources */,
				60B510A626B2F6B800218D6D /* CategoryCell.swift in Sources */,
				6016C1CA26AB262800375929 /* UpdateRestaurantProfileRequest.swift in Sources */,
				60A57CE626AF31F800A53341 /* MenusRemoteRepository.swift in Sources */,
				6071080926A8640D00008E44 /* AuthSelectionView.swift in Sources */,
				606C9AC726A77768005AD06E /* TabBarViewModel.swift in Sources */,
				6016C1C026AAFE3F00375929 /* EditUserProfileView.swift in Sources */,
				601A855026B091AD00B31C3D /* UpdateMenuViewModel.swift in Sources */,
				0CDD50B026AEE15100CF2207 /* RoundedCornerShape.swift in Sources */,
				6016C1C626AB255C00375929 /* EditRestaurantProfileView.swift in Sources */,
				60E4ED74268DEFC300EC4561 /* UsersRemoteRepository.swift in Sources */,
				606C9AC526A76D20005AD06E /* TabBarView.swift in Sources */,
				6000622C2696451A0085DF41 /* LoginRequest.swift in Sources */,
				6074C0B6268CADB100DA3B21 /* Store.swift in Sources */,
				60E4ED6C268DD45400EC4561 /* ApplicationEventsHandler.swift in Sources */,
				606531C726A43A3800C8C500 /* ProfileView.swift in Sources */,
				0C7CD87826B419540066645E /* ProductsListResponse.swift in Sources */,
				6074C0BA268CC06600DA3B21 /* Loadable.swift in Sources */,
				60A57CDA26AF220C00A53341 /* MenuCell.swift in Sources */,
				602375D1269F5B550086B3B6 /* DataInfo.swift in Sources */,
			);
			runOnlyForDeploymentPostprocessing = 0;
		};
/* End PBXSourcesBuildPhase section */

/* Begin XCBuildConfiguration section */
		6063B69326893B67001B1405 /* Debug */ = {
			isa = XCBuildConfiguration;
			buildSettings = {
				ALWAYS_SEARCH_USER_PATHS = NO;
				CLANG_ANALYZER_NONNULL = YES;
				CLANG_ANALYZER_NUMBER_OBJECT_CONVERSION = YES_AGGRESSIVE;
				CLANG_CXX_LANGUAGE_STANDARD = "gnu++14";
				CLANG_CXX_LIBRARY = "libc++";
				CLANG_ENABLE_MODULES = YES;
				CLANG_ENABLE_OBJC_ARC = YES;
				CLANG_ENABLE_OBJC_WEAK = YES;
				CLANG_WARN_BLOCK_CAPTURE_AUTORELEASING = YES;
				CLANG_WARN_BOOL_CONVERSION = YES;
				CLANG_WARN_COMMA = YES;
				CLANG_WARN_CONSTANT_CONVERSION = YES;
				CLANG_WARN_DEPRECATED_OBJC_IMPLEMENTATIONS = YES;
				CLANG_WARN_DIRECT_OBJC_ISA_USAGE = YES_ERROR;
				CLANG_WARN_DOCUMENTATION_COMMENTS = YES;
				CLANG_WARN_EMPTY_BODY = YES;
				CLANG_WARN_ENUM_CONVERSION = YES;
				CLANG_WARN_INFINITE_RECURSION = YES;
				CLANG_WARN_INT_CONVERSION = YES;
				CLANG_WARN_NON_LITERAL_NULL_CONVERSION = YES;
				CLANG_WARN_OBJC_IMPLICIT_RETAIN_SELF = YES;
				CLANG_WARN_OBJC_LITERAL_CONVERSION = YES;
				CLANG_WARN_OBJC_ROOT_CLASS = YES_ERROR;
				CLANG_WARN_QUOTED_INCLUDE_IN_FRAMEWORK_HEADER = YES;
				CLANG_WARN_RANGE_LOOP_ANALYSIS = YES;
				CLANG_WARN_STRICT_PROTOTYPES = YES;
				CLANG_WARN_SUSPICIOUS_MOVE = YES;
				CLANG_WARN_UNGUARDED_AVAILABILITY = YES_AGGRESSIVE;
				CLANG_WARN_UNREACHABLE_CODE = YES;
				CLANG_WARN__DUPLICATE_METHOD_MATCH = YES;
				COPY_PHASE_STRIP = NO;
				DEBUG_INFORMATION_FORMAT = dwarf;
				ENABLE_STRICT_OBJC_MSGSEND = YES;
				ENABLE_TESTABILITY = YES;
				GCC_C_LANGUAGE_STANDARD = gnu11;
				GCC_DYNAMIC_NO_PIC = NO;
				GCC_NO_COMMON_BLOCKS = YES;
				GCC_OPTIMIZATION_LEVEL = s;
				GCC_PREPROCESSOR_DEFINITIONS = (
					"DEBUG=1",
					"$(inherited)",
				);
				GCC_WARN_64_TO_32_BIT_CONVERSION = YES;
				GCC_WARN_ABOUT_RETURN_TYPE = YES_ERROR;
				GCC_WARN_UNDECLARED_SELECTOR = YES;
				GCC_WARN_UNINITIALIZED_AUTOS = YES_AGGRESSIVE;
				GCC_WARN_UNUSED_FUNCTION = YES;
				GCC_WARN_UNUSED_VARIABLE = YES;
				IPHONEOS_DEPLOYMENT_TARGET = 14.5;
				MTL_ENABLE_DEBUG_INFO = INCLUDE_SOURCE;
				MTL_FAST_MATH = YES;
				ONLY_ACTIVE_ARCH = YES;
				SDKROOT = iphoneos;
				SWIFT_ACTIVE_COMPILATION_CONDITIONS = DEBUG;
				SWIFT_OPTIMIZATION_LEVEL = "-Onone";
			};
			name = Debug;
		};
		6063B69426893B67001B1405 /* Release */ = {
			isa = XCBuildConfiguration;
			buildSettings = {
				ALWAYS_SEARCH_USER_PATHS = NO;
				CLANG_ANALYZER_NONNULL = YES;
				CLANG_ANALYZER_NUMBER_OBJECT_CONVERSION = YES_AGGRESSIVE;
				CLANG_CXX_LANGUAGE_STANDARD = "gnu++14";
				CLANG_CXX_LIBRARY = "libc++";
				CLANG_ENABLE_MODULES = YES;
				CLANG_ENABLE_OBJC_ARC = YES;
				CLANG_ENABLE_OBJC_WEAK = YES;
				CLANG_WARN_BLOCK_CAPTURE_AUTORELEASING = YES;
				CLANG_WARN_BOOL_CONVERSION = YES;
				CLANG_WARN_COMMA = YES;
				CLANG_WARN_CONSTANT_CONVERSION = YES;
				CLANG_WARN_DEPRECATED_OBJC_IMPLEMENTATIONS = YES;
				CLANG_WARN_DIRECT_OBJC_ISA_USAGE = YES_ERROR;
				CLANG_WARN_DOCUMENTATION_COMMENTS = YES;
				CLANG_WARN_EMPTY_BODY = YES;
				CLANG_WARN_ENUM_CONVERSION = YES;
				CLANG_WARN_INFINITE_RECURSION = YES;
				CLANG_WARN_INT_CONVERSION = YES;
				CLANG_WARN_NON_LITERAL_NULL_CONVERSION = YES;
				CLANG_WARN_OBJC_IMPLICIT_RETAIN_SELF = YES;
				CLANG_WARN_OBJC_LITERAL_CONVERSION = YES;
				CLANG_WARN_OBJC_ROOT_CLASS = YES_ERROR;
				CLANG_WARN_QUOTED_INCLUDE_IN_FRAMEWORK_HEADER = YES;
				CLANG_WARN_RANGE_LOOP_ANALYSIS = YES;
				CLANG_WARN_STRICT_PROTOTYPES = YES;
				CLANG_WARN_SUSPICIOUS_MOVE = YES;
				CLANG_WARN_UNGUARDED_AVAILABILITY = YES_AGGRESSIVE;
				CLANG_WARN_UNREACHABLE_CODE = YES;
				CLANG_WARN__DUPLICATE_METHOD_MATCH = YES;
				COPY_PHASE_STRIP = NO;
				DEBUG_INFORMATION_FORMAT = "dwarf-with-dsym";
				ENABLE_NS_ASSERTIONS = NO;
				ENABLE_STRICT_OBJC_MSGSEND = YES;
				GCC_C_LANGUAGE_STANDARD = gnu11;
				GCC_NO_COMMON_BLOCKS = YES;
				GCC_WARN_64_TO_32_BIT_CONVERSION = YES;
				GCC_WARN_ABOUT_RETURN_TYPE = YES_ERROR;
				GCC_WARN_UNDECLARED_SELECTOR = YES;
				GCC_WARN_UNINITIALIZED_AUTOS = YES_AGGRESSIVE;
				GCC_WARN_UNUSED_FUNCTION = YES;
				GCC_WARN_UNUSED_VARIABLE = YES;
				IPHONEOS_DEPLOYMENT_TARGET = 14.5;
				MTL_ENABLE_DEBUG_INFO = NO;
				MTL_FAST_MATH = YES;
				SDKROOT = iphoneos;
				SWIFT_COMPILATION_MODE = wholemodule;
				SWIFT_OPTIMIZATION_LEVEL = "-O";
				VALIDATE_PRODUCT = YES;
			};
			name = Release;
		};
		6063B69626893B67001B1405 /* Debug */ = {
			isa = XCBuildConfiguration;
			buildSettings = {
				ASSETCATALOG_COMPILER_APPICON_NAME = AppIcon;
				ASSETCATALOG_COMPILER_GLOBAL_ACCENT_COLOR_NAME = AccentColor;
				CODE_SIGN_IDENTITY = "Apple Development";
				CODE_SIGN_INJECT_BASE_ENTITLEMENTS = YES;
				CODE_SIGN_STYLE = Automatic;
				DEVELOPMENT_ASSET_PATHS = "\"Menuely/Resources/Preview Content\"";
				DEVELOPMENT_TEAM = K8WZF48FXW;
				ENABLE_BITCODE = YES;
				ENABLE_PREVIEWS = YES;
				GCC_OPTIMIZATION_LEVEL = 0;
				INFOPLIST_FILE = Menuely/Resources/Info.plist;
				IPHONEOS_DEPLOYMENT_TARGET = 14.5;
				LD_RUNPATH_SEARCH_PATHS = (
					"$(inherited)",
					"@executable_path/Frameworks",
				);
				PRODUCT_BUNDLE_IDENTIFIER = com.hydro1337x.Menuely;
				PRODUCT_NAME = "$(TARGET_NAME)";
				PROVISIONING_PROFILE_SPECIFIER = "";
				SWIFT_VERSION = 5.0;
				TARGETED_DEVICE_FAMILY = 1;
			};
			name = Debug;
		};
		6063B69726893B67001B1405 /* Release */ = {
			isa = XCBuildConfiguration;
			buildSettings = {
				ASSETCATALOG_COMPILER_APPICON_NAME = AppIcon;
				ASSETCATALOG_COMPILER_GLOBAL_ACCENT_COLOR_NAME = AccentColor;
				CODE_SIGN_IDENTITY = "Apple Development";
				CODE_SIGN_INJECT_BASE_ENTITLEMENTS = YES;
				CODE_SIGN_STYLE = Automatic;
				DEVELOPMENT_ASSET_PATHS = "\"Menuely/Resources/Preview Content\"";
				DEVELOPMENT_TEAM = K8WZF48FXW;
				ENABLE_BITCODE = YES;
				ENABLE_PREVIEWS = YES;
				INFOPLIST_FILE = Menuely/Resources/Info.plist;
				IPHONEOS_DEPLOYMENT_TARGET = 14.5;
				LD_RUNPATH_SEARCH_PATHS = (
					"$(inherited)",
					"@executable_path/Frameworks",
				);
				PRODUCT_BUNDLE_IDENTIFIER = com.hydro1337x.Menuely;
				PRODUCT_NAME = "$(TARGET_NAME)";
				PROVISIONING_PROFILE_SPECIFIER = "";
				SWIFT_VERSION = 5.0;
				TARGETED_DEVICE_FAMILY = 1;
			};
			name = Release;
		};
/* End XCBuildConfiguration section */

/* Begin XCConfigurationList section */
		6063B68126893B65001B1405 /* Build configuration list for PBXProject "Menuely" */ = {
			isa = XCConfigurationList;
			buildConfigurations = (
				6063B69326893B67001B1405 /* Debug */,
				6063B69426893B67001B1405 /* Release */,
			);
			defaultConfigurationIsVisible = 0;
			defaultConfigurationName = Release;
		};
		6063B69526893B67001B1405 /* Build configuration list for PBXNativeTarget "Menuely" */ = {
			isa = XCConfigurationList;
			buildConfigurations = (
				6063B69626893B67001B1405 /* Debug */,
				6063B69726893B67001B1405 /* Release */,
			);
			defaultConfigurationIsVisible = 0;
			defaultConfigurationName = Release;
		};
/* End XCConfigurationList section */

/* Begin XCRemoteSwiftPackageReference section */
		60660C672693837400A6159E /* XCRemoteSwiftPackageReference "Alamofire" */ = {
			isa = XCRemoteSwiftPackageReference;
			repositoryURL = "https://github.com/Alamofire/Alamofire.git";
			requirement = {
				kind = upToNextMajorVersion;
				minimumVersion = 5.4.3;
			};
		};
		6071081026A8B32500008E44 /* XCRemoteSwiftPackageReference "SDWebImageSwiftUI" */ = {
			isa = XCRemoteSwiftPackageReference;
			repositoryURL = "https://github.com/SDWebImage/SDWebImageSwiftUI.git";
			requirement = {
				kind = upToNextMajorVersion;
				minimumVersion = 2.0.2;
			};
		};
		60944F37268DC73F0063CD61 /* XCRemoteSwiftPackageReference "Resolver" */ = {
			isa = XCRemoteSwiftPackageReference;
			repositoryURL = "https://github.com/hmlongco/Resolver.git";
			requirement = {
				kind = upToNextMajorVersion;
				minimumVersion = 1.4.3;
			};
		};
		60C8D56126ADCAD10079EF48 /* XCRemoteSwiftPackageReference "CodeScanner" */ = {
			isa = XCRemoteSwiftPackageReference;
			repositoryURL = "https://github.com/twostraws/CodeScanner";
			requirement = {
				kind = upToNextMajorVersion;
				minimumVersion = 1.0.7;
			};
		};
/* End XCRemoteSwiftPackageReference section */

/* Begin XCSwiftPackageProductDependency section */
		60660C682693837400A6159E /* Alamofire */ = {
			isa = XCSwiftPackageProductDependency;
			package = 60660C672693837400A6159E /* XCRemoteSwiftPackageReference "Alamofire" */;
			productName = Alamofire;
		};
		6071081126A8B32500008E44 /* SDWebImageSwiftUI */ = {
			isa = XCSwiftPackageProductDependency;
			package = 6071081026A8B32500008E44 /* XCRemoteSwiftPackageReference "SDWebImageSwiftUI" */;
			productName = SDWebImageSwiftUI;
		};
		60944F38268DC73F0063CD61 /* Resolver */ = {
			isa = XCSwiftPackageProductDependency;
			package = 60944F37268DC73F0063CD61 /* XCRemoteSwiftPackageReference "Resolver" */;
			productName = Resolver;
		};
		60C8D56226ADCAD10079EF48 /* CodeScanner */ = {
			isa = XCSwiftPackageProductDependency;
			package = 60C8D56126ADCAD10079EF48 /* XCRemoteSwiftPackageReference "CodeScanner" */;
			productName = CodeScanner;
		};
/* End XCSwiftPackageProductDependency section */
	};
	rootObject = 6063B67E26893B65001B1405 /* Project object */;
}
