// !$*UTF8*$!
{
	archiveVersion = 1;
	classes = {
	};
	objectVersion = 52;
	objects = {

/* Begin PBXBuildFile section */
		6000622A269644DB0085DF41 /* AuthRemoteRepository.swift in Sources */ = {isa = PBXBuildFile; fileRef = 60006229269644DB0085DF41 /* AuthRemoteRepository.swift */; };
		6000622C2696451A0085DF41 /* UserLoginRequestDTO.swift in Sources */ = {isa = PBXBuildFile; fileRef = 6000622B2696451A0085DF41 /* UserLoginRequestDTO.swift */; };
		6000622E269645380085DF41 /* UserRegistrationRequestDTO.swift in Sources */ = {isa = PBXBuildFile; fileRef = 6000622D269645380085DF41 /* UserRegistrationRequestDTO.swift */; };
		600062302696482F0085DF41 /* Discardable.swift in Sources */ = {isa = PBXBuildFile; fileRef = 6000622F2696482F0085DF41 /* Discardable.swift */; };
		60006232269648C30085DF41 /* AuthService.swift in Sources */ = {isa = PBXBuildFile; fileRef = 60006231269648C30085DF41 /* AuthService.swift */; };
		6000623826965F280085DF41 /* UserLoginResponseDTO.swift in Sources */ = {isa = PBXBuildFile; fileRef = 6000623726965F280085DF41 /* UserLoginResponseDTO.swift */; };
		6000623A269663750085DF41 /* UserAuth.swift in Sources */ = {isa = PBXBuildFile; fileRef = 60006239269663750085DF41 /* UserAuth.swift */; };
		6049C3C0268F9B9E00B891CC /* Repositories+Injection.swift in Sources */ = {isa = PBXBuildFile; fileRef = 6049C3BF268F9B9E00B891CC /* Repositories+Injection.swift */; };
		6063B68A26893B65001B1405 /* MenuelyApp.swift in Sources */ = {isa = PBXBuildFile; fileRef = 6063B68926893B65001B1405 /* MenuelyApp.swift */; };
		6063B68C26893B65001B1405 /* ContentView.swift in Sources */ = {isa = PBXBuildFile; fileRef = 6063B68B26893B65001B1405 /* ContentView.swift */; };
		6063B68E26893B67001B1405 /* Assets.xcassets in Resources */ = {isa = PBXBuildFile; fileRef = 6063B68D26893B67001B1405 /* Assets.xcassets */; };
		6063B69126893B67001B1405 /* Preview Assets.xcassets in Resources */ = {isa = PBXBuildFile; fileRef = 6063B69026893B67001B1405 /* Preview Assets.xcassets */; };
		60660C692693837400A6159E /* Alamofire in Frameworks */ = {isa = PBXBuildFile; productRef = 60660C682693837400A6159E /* Alamofire */; };
		60660C6D2693861D00A6159E /* NetworkClient.swift in Sources */ = {isa = PBXBuildFile; fileRef = 60660C6C2693861D00A6159E /* NetworkClient.swift */; };
		6074C0B4268C940700DA3B21 /* AppState.swift in Sources */ = {isa = PBXBuildFile; fileRef = 6074C0B3268C940700DA3B21 /* AppState.swift */; };
		6074C0B6268CADB100DA3B21 /* Store.swift in Sources */ = {isa = PBXBuildFile; fileRef = 6074C0B5268CADB100DA3B21 /* Store.swift */; };
		6074C0B8268CB32500DA3B21 /* CancelBag.swift in Sources */ = {isa = PBXBuildFile; fileRef = 6074C0B7268CB32500DA3B21 /* CancelBag.swift */; };
		6074C0BA268CC06600DA3B21 /* Loadable.swift in Sources */ = {isa = PBXBuildFile; fileRef = 6074C0B9268CC06600DA3B21 /* Loadable.swift */; };
		6074C0BC268CCB3700DA3B21 /* APIConfigurable.swift in Sources */ = {isa = PBXBuildFile; fileRef = 6074C0BB268CCB3700DA3B21 /* APIConfigurable.swift */; };
		6074C0C0268CD41400DA3B21 /* NetworkingHelpers.swift in Sources */ = {isa = PBXBuildFile; fileRef = 6074C0BF268CD41400DA3B21 /* NetworkingHelpers.swift */; };
		6074C0C2268CDC5E00DA3B21 /* Helpers.swift in Sources */ = {isa = PBXBuildFile; fileRef = 6074C0C1268CDC5E00DA3B21 /* Helpers.swift */; };
		60944F39268DC73F0063CD61 /* Resolver in Frameworks */ = {isa = PBXBuildFile; productRef = 60944F38268DC73F0063CD61 /* Resolver */; };
		60944F3B268DC8460063CD61 /* Application+Injection.swift in Sources */ = {isa = PBXBuildFile; fileRef = 60944F3A268DC8460063CD61 /* Application+Injection.swift */; };
		60BF85A82698F03B00890C0F /* LoginViewModel.swift in Sources */ = {isa = PBXBuildFile; fileRef = 60BF85A72698F03B00890C0F /* LoginViewModel.swift */; };
		60BF85AA2698F06100890C0F /* LoginView.swift in Sources */ = {isa = PBXBuildFile; fileRef = 60BF85A92698F06100890C0F /* LoginView.swift */; };
		60BF85AC2698F0DE00890C0F /* RootViewModifier.swift in Sources */ = {isa = PBXBuildFile; fileRef = 60BF85AB2698F0DE00890C0F /* RootViewModifier.swift */; };
		60BF85AF2698F46B00890C0F /* AuthSelectionView.swift in Sources */ = {isa = PBXBuildFile; fileRef = 60BF85AE2698F46B00890C0F /* AuthSelectionView.swift */; };
		60BF85B22698F87700890C0F /* FloatingTextField.swift in Sources */ = {isa = PBXBuildFile; fileRef = 60BF85B12698F87700890C0F /* FloatingTextField.swift */; };
		60BF85B72699172E00890C0F /* SelectionCardView.swift in Sources */ = {isa = PBXBuildFile; fileRef = 60BF85B62699172E00890C0F /* SelectionCardView.swift */; };
		60BF85B926991AC000890C0F /* Image+Extension.swift in Sources */ = {isa = PBXBuildFile; fileRef = 60BF85B826991AC000890C0F /* Image+Extension.swift */; };
		60D32CC02699A83C00F6FDC9 /* RoundedGradientButtonStyle.swift in Sources */ = {isa = PBXBuildFile; fileRef = 60D32CBF2699A83C00F6FDC9 /* RoundedGradientButtonStyle.swift */; };
		60E395382690917C007E459E /* TokensRequestDTO.swift in Sources */ = {isa = PBXBuildFile; fileRef = 60E395372690917C007E459E /* TokensRequestDTO.swift */; };
		60E3953A2690918D007E459E /* TokensResponseDTO.swift in Sources */ = {isa = PBXBuildFile; fileRef = 60E395392690918D007E459E /* TokensResponseDTO.swift */; };
		60E3953C26909197007E459E /* Tokens.swift in Sources */ = {isa = PBXBuildFile; fileRef = 60E3953B26909197007E459E /* Tokens.swift */; };
		60E4ED6A268DCC7B00EC4561 /* Services+Injection.swift in Sources */ = {isa = PBXBuildFile; fileRef = 60E4ED69268DCC7B00EC4561 /* Services+Injection.swift */; };
		60E4ED6C268DD45400EC4561 /* ApplicationEventsHandler.swift in Sources */ = {isa = PBXBuildFile; fileRef = 60E4ED6B268DD45400EC4561 /* ApplicationEventsHandler.swift */; };
		60E4ED6E268DE40B00EC4561 /* UsersService.swift in Sources */ = {isa = PBXBuildFile; fileRef = 60E4ED6D268DE40B00EC4561 /* UsersService.swift */; };
		60E4ED70268DECA600EC4561 /* UserListResponseDTO.swift in Sources */ = {isa = PBXBuildFile; fileRef = 60E4ED6F268DECA600EC4561 /* UserListResponseDTO.swift */; };
		60E4ED72268DEE4100EC4561 /* RemoteImage.swift in Sources */ = {isa = PBXBuildFile; fileRef = 60E4ED71268DEE4100EC4561 /* RemoteImage.swift */; };
		60E4ED74268DEFC300EC4561 /* UsersRemoteRepository.swift in Sources */ = {isa = PBXBuildFile; fileRef = 60E4ED73268DEFC300EC4561 /* UsersRemoteRepository.swift */; };
		60E4ED78268E148700EC4561 /* UsersListViewModel.swift in Sources */ = {isa = PBXBuildFile; fileRef = 60E4ED77268E148700EC4561 /* UsersListViewModel.swift */; };
		60E4ED7A268E174A00EC4561 /* ViewModels+Injection.swift in Sources */ = {isa = PBXBuildFile; fileRef = 60E4ED79268E174A00EC4561 /* ViewModels+Injection.swift */; };
		60F3BAC92694ACA6005798C1 /* AuthRequestInterceptor.swift in Sources */ = {isa = PBXBuildFile; fileRef = 60F3BAC82694ACA6005798C1 /* AuthRequestInterceptor.swift */; };
		60F3BACB2694B85B005798C1 /* Authenticator.swift in Sources */ = {isa = PBXBuildFile; fileRef = 60F3BACA2694B85B005798C1 /* Authenticator.swift */; };
		60F3BAD02694BB17005798C1 /* User.swift in Sources */ = {isa = PBXBuildFile; fileRef = 60F3BACF2694BB17005798C1 /* User.swift */; };
		60F3BAD32694C863005798C1 /* KeychainItem.swift in Sources */ = {isa = PBXBuildFile; fileRef = 60F3BAD22694C863005798C1 /* KeychainItem.swift */; };
		60F3BAD52694C920005798C1 /* SecureAppStorage.swift in Sources */ = {isa = PBXBuildFile; fileRef = 60F3BAD42694C920005798C1 /* SecureAppStorage.swift */; };
		60F3BAD72694CAE0005798C1 /* CodableSecureAppStorage.swift in Sources */ = {isa = PBXBuildFile; fileRef = 60F3BAD62694CAE0005798C1 /* CodableSecureAppStorage.swift */; };
/* End PBXBuildFile section */

/* Begin PBXFileReference section */
		60006229269644DB0085DF41 /* AuthRemoteRepository.swift */ = {isa = PBXFileReference; lastKnownFileType = sourcecode.swift; path = AuthRemoteRepository.swift; sourceTree = "<group>"; };
		6000622B2696451A0085DF41 /* UserLoginRequestDTO.swift */ = {isa = PBXFileReference; lastKnownFileType = sourcecode.swift; path = UserLoginRequestDTO.swift; sourceTree = "<group>"; };
		6000622D269645380085DF41 /* UserRegistrationRequestDTO.swift */ = {isa = PBXFileReference; lastKnownFileType = sourcecode.swift; path = UserRegistrationRequestDTO.swift; sourceTree = "<group>"; };
		6000622F2696482F0085DF41 /* Discardable.swift */ = {isa = PBXFileReference; lastKnownFileType = sourcecode.swift; path = Discardable.swift; sourceTree = "<group>"; };
		60006231269648C30085DF41 /* AuthService.swift */ = {isa = PBXFileReference; lastKnownFileType = sourcecode.swift; path = AuthService.swift; sourceTree = "<group>"; };
		6000623726965F280085DF41 /* UserLoginResponseDTO.swift */ = {isa = PBXFileReference; lastKnownFileType = sourcecode.swift; path = UserLoginResponseDTO.swift; sourceTree = "<group>"; };
		60006239269663750085DF41 /* UserAuth.swift */ = {isa = PBXFileReference; lastKnownFileType = sourcecode.swift; path = UserAuth.swift; sourceTree = "<group>"; };
		6049C3BF268F9B9E00B891CC /* Repositories+Injection.swift */ = {isa = PBXFileReference; lastKnownFileType = sourcecode.swift; path = "Repositories+Injection.swift"; sourceTree = "<group>"; };
		6063B68626893B65001B1405 /* Menuely.app */ = {isa = PBXFileReference; explicitFileType = wrapper.application; includeInIndex = 0; path = Menuely.app; sourceTree = BUILT_PRODUCTS_DIR; };
		6063B68926893B65001B1405 /* MenuelyApp.swift */ = {isa = PBXFileReference; lastKnownFileType = sourcecode.swift; path = MenuelyApp.swift; sourceTree = "<group>"; };
		6063B68B26893B65001B1405 /* ContentView.swift */ = {isa = PBXFileReference; lastKnownFileType = sourcecode.swift; path = ContentView.swift; sourceTree = "<group>"; };
		6063B68D26893B67001B1405 /* Assets.xcassets */ = {isa = PBXFileReference; lastKnownFileType = folder.assetcatalog; path = Assets.xcassets; sourceTree = "<group>"; };
		6063B69026893B67001B1405 /* Preview Assets.xcassets */ = {isa = PBXFileReference; lastKnownFileType = folder.assetcatalog; path = "Preview Assets.xcassets"; sourceTree = "<group>"; };
		6063B69226893B67001B1405 /* Info.plist */ = {isa = PBXFileReference; lastKnownFileType = text.plist.xml; path = Info.plist; sourceTree = "<group>"; };
		60660C6C2693861D00A6159E /* NetworkClient.swift */ = {isa = PBXFileReference; lastKnownFileType = sourcecode.swift; path = NetworkClient.swift; sourceTree = "<group>"; };
		6074C0B3268C940700DA3B21 /* AppState.swift */ = {isa = PBXFileReference; lastKnownFileType = sourcecode.swift; path = AppState.swift; sourceTree = "<group>"; };
		6074C0B5268CADB100DA3B21 /* Store.swift */ = {isa = PBXFileReference; lastKnownFileType = sourcecode.swift; path = Store.swift; sourceTree = "<group>"; };
		6074C0B7268CB32500DA3B21 /* CancelBag.swift */ = {isa = PBXFileReference; lastKnownFileType = sourcecode.swift; path = CancelBag.swift; sourceTree = "<group>"; };
		6074C0B9268CC06600DA3B21 /* Loadable.swift */ = {isa = PBXFileReference; lastKnownFileType = sourcecode.swift; path = Loadable.swift; sourceTree = "<group>"; };
		6074C0BB268CCB3700DA3B21 /* APIConfigurable.swift */ = {isa = PBXFileReference; lastKnownFileType = sourcecode.swift; path = APIConfigurable.swift; sourceTree = "<group>"; };
		6074C0BF268CD41400DA3B21 /* NetworkingHelpers.swift */ = {isa = PBXFileReference; lastKnownFileType = sourcecode.swift; path = NetworkingHelpers.swift; sourceTree = "<group>"; };
		6074C0C1268CDC5E00DA3B21 /* Helpers.swift */ = {isa = PBXFileReference; lastKnownFileType = sourcecode.swift; path = Helpers.swift; sourceTree = "<group>"; };
		60944F3A268DC8460063CD61 /* Application+Injection.swift */ = {isa = PBXFileReference; lastKnownFileType = sourcecode.swift; path = "Application+Injection.swift"; sourceTree = "<group>"; };
		60BF85A72698F03B00890C0F /* LoginViewModel.swift */ = {isa = PBXFileReference; lastKnownFileType = sourcecode.swift; path = LoginViewModel.swift; sourceTree = "<group>"; };
		60BF85A92698F06100890C0F /* LoginView.swift */ = {isa = PBXFileReference; lastKnownFileType = sourcecode.swift; path = LoginView.swift; sourceTree = "<group>"; };
		60BF85AB2698F0DE00890C0F /* RootViewModifier.swift */ = {isa = PBXFileReference; lastKnownFileType = sourcecode.swift; path = RootViewModifier.swift; sourceTree = "<group>"; };
		60BF85AE2698F46B00890C0F /* AuthSelectionView.swift */ = {isa = PBXFileReference; lastKnownFileType = sourcecode.swift; path = AuthSelectionView.swift; sourceTree = "<group>"; };
		60BF85B12698F87700890C0F /* FloatingTextField.swift */ = {isa = PBXFileReference; lastKnownFileType = sourcecode.swift; path = FloatingTextField.swift; sourceTree = "<group>"; };
		60BF85B62699172E00890C0F /* SelectionCardView.swift */ = {isa = PBXFileReference; lastKnownFileType = sourcecode.swift; path = SelectionCardView.swift; sourceTree = "<group>"; };
		60BF85B826991AC000890C0F /* Image+Extension.swift */ = {isa = PBXFileReference; lastKnownFileType = sourcecode.swift; path = "Image+Extension.swift"; sourceTree = "<group>"; };
		60D32CBF2699A83C00F6FDC9 /* RoundedGradientButtonStyle.swift */ = {isa = PBXFileReference; lastKnownFileType = sourcecode.swift; path = RoundedGradientButtonStyle.swift; sourceTree = "<group>"; };
		60E395372690917C007E459E /* TokensRequestDTO.swift */ = {isa = PBXFileReference; lastKnownFileType = sourcecode.swift; path = TokensRequestDTO.swift; sourceTree = "<group>"; };
		60E395392690918D007E459E /* TokensResponseDTO.swift */ = {isa = PBXFileReference; lastKnownFileType = sourcecode.swift; path = TokensResponseDTO.swift; sourceTree = "<group>"; };
		60E3953B26909197007E459E /* Tokens.swift */ = {isa = PBXFileReference; lastKnownFileType = sourcecode.swift; path = Tokens.swift; sourceTree = "<group>"; };
		60E4ED69268DCC7B00EC4561 /* Services+Injection.swift */ = {isa = PBXFileReference; lastKnownFileType = sourcecode.swift; path = "Services+Injection.swift"; sourceTree = "<group>"; };
		60E4ED6B268DD45400EC4561 /* ApplicationEventsHandler.swift */ = {isa = PBXFileReference; lastKnownFileType = sourcecode.swift; path = ApplicationEventsHandler.swift; sourceTree = "<group>"; };
		60E4ED6D268DE40B00EC4561 /* UsersService.swift */ = {isa = PBXFileReference; lastKnownFileType = sourcecode.swift; path = UsersService.swift; sourceTree = "<group>"; };
		60E4ED6F268DECA600EC4561 /* UserListResponseDTO.swift */ = {isa = PBXFileReference; lastKnownFileType = sourcecode.swift; path = UserListResponseDTO.swift; sourceTree = "<group>"; };
		60E4ED71268DEE4100EC4561 /* RemoteImage.swift */ = {isa = PBXFileReference; lastKnownFileType = sourcecode.swift; path = RemoteImage.swift; sourceTree = "<group>"; };
		60E4ED73268DEFC300EC4561 /* UsersRemoteRepository.swift */ = {isa = PBXFileReference; lastKnownFileType = sourcecode.swift; path = UsersRemoteRepository.swift; sourceTree = "<group>"; };
		60E4ED77268E148700EC4561 /* UsersListViewModel.swift */ = {isa = PBXFileReference; lastKnownFileType = sourcecode.swift; path = UsersListViewModel.swift; sourceTree = "<group>"; };
		60E4ED79268E174A00EC4561 /* ViewModels+Injection.swift */ = {isa = PBXFileReference; lastKnownFileType = sourcecode.swift; path = "ViewModels+Injection.swift"; sourceTree = "<group>"; };
		60F3BAC82694ACA6005798C1 /* AuthRequestInterceptor.swift */ = {isa = PBXFileReference; lastKnownFileType = sourcecode.swift; path = AuthRequestInterceptor.swift; sourceTree = "<group>"; };
		60F3BACA2694B85B005798C1 /* Authenticator.swift */ = {isa = PBXFileReference; lastKnownFileType = sourcecode.swift; path = Authenticator.swift; sourceTree = "<group>"; };
		60F3BACF2694BB17005798C1 /* User.swift */ = {isa = PBXFileReference; lastKnownFileType = sourcecode.swift; path = User.swift; sourceTree = "<group>"; };
		60F3BAD22694C863005798C1 /* KeychainItem.swift */ = {isa = PBXFileReference; lastKnownFileType = sourcecode.swift; path = KeychainItem.swift; sourceTree = "<group>"; };
		60F3BAD42694C920005798C1 /* SecureAppStorage.swift */ = {isa = PBXFileReference; lastKnownFileType = sourcecode.swift; path = SecureAppStorage.swift; sourceTree = "<group>"; };
		60F3BAD62694CAE0005798C1 /* CodableSecureAppStorage.swift */ = {isa = PBXFileReference; lastKnownFileType = sourcecode.swift; path = CodableSecureAppStorage.swift; sourceTree = "<group>"; };
/* End PBXFileReference section */

/* Begin PBXFrameworksBuildPhase section */
		6063B68326893B65001B1405 /* Frameworks */ = {
			isa = PBXFrameworksBuildPhase;
			buildActionMask = 2147483647;
			files = (
				60944F39268DC73F0063CD61 /* Resolver in Frameworks */,
				60660C692693837400A6159E /* Alamofire in Frameworks */,
			);
			runOnlyForDeploymentPostprocessing = 0;
		};
/* End PBXFrameworksBuildPhase section */

/* Begin PBXGroup section */
		6063B67D26893B65001B1405 = {
			isa = PBXGroup;
			children = (
				6063B68826893B65001B1405 /* Menuely */,
				6063B68726893B65001B1405 /* Products */,
			);
			sourceTree = "<group>";
		};
		6063B68726893B65001B1405 /* Products */ = {
			isa = PBXGroup;
			children = (
				6063B68626893B65001B1405 /* Menuely.app */,
			);
			name = Products;
			sourceTree = "<group>";
		};
		6063B68826893B65001B1405 /* Menuely */ = {
			isa = PBXGroup;
			children = (
				6074C0AB268C79AF00DA3B21 /* Application */,
				6074C0AD268C79F600DA3B21 /* DI */,
				60660C6B2693860800A6159E /* Core */,
				6074C0B0268C7A3700DA3B21 /* Data */,
				6074C0AE268C7A2200DA3B21 /* Repositories */,
				6074C0AF268C7A3100DA3B21 /* Services */,
				6074C0B1268C7A3F00DA3B21 /* UI */,
				6074C0AC268C79E800DA3B21 /* Utilities */,
				6074C0B2268C7A4D00DA3B21 /* Resources */,
			);
			path = Menuely;
			sourceTree = "<group>";
		};
		6063B68F26893B67001B1405 /* Preview Content */ = {
			isa = PBXGroup;
			children = (
				6063B69026893B67001B1405 /* Preview Assets.xcassets */,
			);
			path = "Preview Content";
			sourceTree = "<group>";
		};
		60660C6B2693860800A6159E /* Core */ = {
			isa = PBXGroup;
			children = (
				60F3BAD12694C754005798C1 /* Keychain */,
				60F3BAC62694A709005798C1 /* Networking */,
			);
			path = Core;
			sourceTree = "<group>";
		};
		6074C0AB268C79AF00DA3B21 /* Application */ = {
			isa = PBXGroup;
			children = (
				6063B68926893B65001B1405 /* MenuelyApp.swift */,
				60E4ED6B268DD45400EC4561 /* ApplicationEventsHandler.swift */,
			);
			path = Application;
			sourceTree = "<group>";
		};
		6074C0AC268C79E800DA3B21 /* Utilities */ = {
			isa = PBXGroup;
			children = (
				60BF85B326990C4A00890C0F /* Extensions */,
				6074C0B5268CADB100DA3B21 /* Store.swift */,
				6074C0B7268CB32500DA3B21 /* CancelBag.swift */,
				6074C0B9268CC06600DA3B21 /* Loadable.swift */,
				6074C0C1268CDC5E00DA3B21 /* Helpers.swift */,
			);
			path = Utilities;
			sourceTree = "<group>";
		};
		6074C0AD268C79F600DA3B21 /* DI */ = {
			isa = PBXGroup;
			children = (
				6074C0B3268C940700DA3B21 /* AppState.swift */,
				60944F3A268DC8460063CD61 /* Application+Injection.swift */,
				60E4ED79268E174A00EC4561 /* ViewModels+Injection.swift */,
				60E4ED69268DCC7B00EC4561 /* Services+Injection.swift */,
				6049C3BF268F9B9E00B891CC /* Repositories+Injection.swift */,
			);
			path = DI;
			sourceTree = "<group>";
		};
		6074C0AE268C7A2200DA3B21 /* Repositories */ = {
			isa = PBXGroup;
			children = (
				60E4ED73268DEFC300EC4561 /* UsersRemoteRepository.swift */,
				60F3BACA2694B85B005798C1 /* Authenticator.swift */,
				60006229269644DB0085DF41 /* AuthRemoteRepository.swift */,
			);
			path = Repositories;
			sourceTree = "<group>";
		};
		6074C0AF268C7A3100DA3B21 /* Services */ = {
			isa = PBXGroup;
			children = (
				60E4ED6D268DE40B00EC4561 /* UsersService.swift */,
				60006231269648C30085DF41 /* AuthService.swift */,
			);
			path = Services;
			sourceTree = "<group>";
		};
		6074C0B0268C7A3700DA3B21 /* Data */ = {
			isa = PBXGroup;
			children = (
				60F3BACD2694BAE1005798C1 /* Request */,
				60F3BACE2694BAE6005798C1 /* Response */,
				60F3BACC2694BADA005798C1 /* Models */,
			);
			path = Data;
			sourceTree = "<group>";
		};
		6074C0B1268C7A3F00DA3B21 /* UI */ = {
			isa = PBXGroup;
			children = (
				60BF85A42698EFCD00890C0F /* Auth */,
				60BF85B02698F6A600890C0F /* Components */,
				60D32CBD2699A81B00F6FDC9 /* Styles */,
				6063B68B26893B65001B1405 /* ContentView.swift */,
				60E4ED77268E148700EC4561 /* UsersListViewModel.swift */,
				60BF85AB2698F0DE00890C0F /* RootViewModifier.swift */,
			);
			path = UI;
			sourceTree = "<group>";
		};
		6074C0B2268C7A4D00DA3B21 /* Resources */ = {
			isa = PBXGroup;
			children = (
				6063B68D26893B67001B1405 /* Assets.xcassets */,
				6063B69226893B67001B1405 /* Info.plist */,
				6063B68F26893B67001B1405 /* Preview Content */,
			);
			path = Resources;
			sourceTree = "<group>";
		};
		60BF85A42698EFCD00890C0F /* Auth */ = {
			isa = PBXGroup;
			children = (
				60BF85AE2698F46B00890C0F /* AuthSelectionView.swift */,
				60BF85A92698F06100890C0F /* LoginView.swift */,
				60BF85A72698F03B00890C0F /* LoginViewModel.swift */,
			);
			path = Auth;
			sourceTree = "<group>";
		};
		60BF85B02698F6A600890C0F /* Components */ = {
			isa = PBXGroup;
			children = (
				60BF85B12698F87700890C0F /* FloatingTextField.swift */,
				60BF85B62699172E00890C0F /* SelectionCardView.swift */,
			);
			path = Components;
			sourceTree = "<group>";
		};
		60BF85B326990C4A00890C0F /* Extensions */ = {
			isa = PBXGroup;
			children = (
				60BF85B826991AC000890C0F /* Image+Extension.swift */,
			);
			path = Extensions;
			sourceTree = "<group>";
		};
		60D32CBD2699A81B00F6FDC9 /* Styles */ = {
			isa = PBXGroup;
			children = (
				60D32CBE2699A82400F6FDC9 /* Button */,
			);
			path = Styles;
			sourceTree = "<group>";
		};
		60D32CBE2699A82400F6FDC9 /* Button */ = {
			isa = PBXGroup;
			children = (
				60D32CBF2699A83C00F6FDC9 /* RoundedGradientButtonStyle.swift */,
			);
			path = Button;
			sourceTree = "<group>";
		};
		60F3BAC62694A709005798C1 /* Networking */ = {
			isa = PBXGroup;
			children = (
				60660C6C2693861D00A6159E /* NetworkClient.swift */,
				6074C0BB268CCB3700DA3B21 /* APIConfigurable.swift */,
				6074C0BF268CD41400DA3B21 /* NetworkingHelpers.swift */,
				60F3BAC82694ACA6005798C1 /* AuthRequestInterceptor.swift */,
			);
			path = Networking;
			sourceTree = "<group>";
		};
		60F3BACC2694BADA005798C1 /* Models */ = {
			isa = PBXGroup;
			children = (
				60E4ED71268DEE4100EC4561 /* RemoteImage.swift */,
				60E3953B26909197007E459E /* Tokens.swift */,
				60F3BACF2694BB17005798C1 /* User.swift */,
				60006239269663750085DF41 /* UserAuth.swift */,
			);
			path = Models;
			sourceTree = "<group>";
		};
		60F3BACD2694BAE1005798C1 /* Request */ = {
			isa = PBXGroup;
			children = (
				60E395372690917C007E459E /* TokensRequestDTO.swift */,
				6000622B2696451A0085DF41 /* UserLoginRequestDTO.swift */,
				6000622D269645380085DF41 /* UserRegistrationRequestDTO.swift */,
			);
			path = Request;
			sourceTree = "<group>";
		};
		60F3BACE2694BAE6005798C1 /* Response */ = {
			isa = PBXGroup;
			children = (
				60E4ED6F268DECA600EC4561 /* UserListResponseDTO.swift */,
				6000623726965F280085DF41 /* UserLoginResponseDTO.swift */,
				60E395392690918D007E459E /* TokensResponseDTO.swift */,
				6000622F2696482F0085DF41 /* Discardable.swift */,
			);
			path = Response;
			sourceTree = "<group>";
		};
		60F3BAD12694C754005798C1 /* Keychain */ = {
			isa = PBXGroup;
			children = (
				60F3BAD22694C863005798C1 /* KeychainItem.swift */,
				60F3BAD42694C920005798C1 /* SecureAppStorage.swift */,
				60F3BAD62694CAE0005798C1 /* CodableSecureAppStorage.swift */,
			);
			path = Keychain;
			sourceTree = "<group>";
		};
/* End PBXGroup section */

/* Begin PBXNativeTarget section */
		6063B68526893B65001B1405 /* Menuely */ = {
			isa = PBXNativeTarget;
			buildConfigurationList = 6063B69526893B67001B1405 /* Build configuration list for PBXNativeTarget "Menuely" */;
			buildPhases = (
				6063B68226893B65001B1405 /* Sources */,
				6063B68326893B65001B1405 /* Frameworks */,
				6063B68426893B65001B1405 /* Resources */,
			);
			buildRules = (
			);
			dependencies = (
			);
			name = Menuely;
			packageProductDependencies = (
				60944F38268DC73F0063CD61 /* Resolver */,
				60660C682693837400A6159E /* Alamofire */,
			);
			productName = Menuely;
			productReference = 6063B68626893B65001B1405 /* Menuely.app */;
			productType = "com.apple.product-type.application";
		};
/* End PBXNativeTarget section */

/* Begin PBXProject section */
		6063B67E26893B65001B1405 /* Project object */ = {
			isa = PBXProject;
			attributes = {
				LastSwiftUpdateCheck = 1250;
				LastUpgradeCheck = 1250;
				TargetAttributes = {
					6063B68526893B65001B1405 = {
						CreatedOnToolsVersion = 12.5.1;
					};
				};
			};
			buildConfigurationList = 6063B68126893B65001B1405 /* Build configuration list for PBXProject "Menuely" */;
			compatibilityVersion = "Xcode 9.3";
			developmentRegion = en;
			hasScannedForEncodings = 0;
			knownRegions = (
				en,
				Base,
			);
			mainGroup = 6063B67D26893B65001B1405;
			packageReferences = (
				60944F37268DC73F0063CD61 /* XCRemoteSwiftPackageReference "Resolver" */,
				60660C672693837400A6159E /* XCRemoteSwiftPackageReference "Alamofire" */,
			);
			productRefGroup = 6063B68726893B65001B1405 /* Products */;
			projectDirPath = "";
			projectRoot = "";
			targets = (
				6063B68526893B65001B1405 /* Menuely */,
			);
		};
/* End PBXProject section */

/* Begin PBXResourcesBuildPhase section */
		6063B68426893B65001B1405 /* Resources */ = {
			isa = PBXResourcesBuildPhase;
			buildActionMask = 2147483647;
			files = (
				6063B69126893B67001B1405 /* Preview Assets.xcassets in Resources */,
				6063B68E26893B67001B1405 /* Assets.xcassets in Resources */,
			);
			runOnlyForDeploymentPostprocessing = 0;
		};
/* End PBXResourcesBuildPhase section */

/* Begin PBXSourcesBuildPhase section */
		6063B68226893B65001B1405 /* Sources */ = {
			isa = PBXSourcesBuildPhase;
			buildActionMask = 2147483647;
			files = (
				60F3BAD32694C863005798C1 /* KeychainItem.swift in Sources */,
				60F3BAD72694CAE0005798C1 /* CodableSecureAppStorage.swift in Sources */,
				60E4ED6A268DCC7B00EC4561 /* Services+Injection.swift in Sources */,
				6049C3C0268F9B9E00B891CC /* Repositories+Injection.swift in Sources */,
				6000623826965F280085DF41 /* UserLoginResponseDTO.swift in Sources */,
				6000622E269645380085DF41 /* UserRegistrationRequestDTO.swift in Sources */,
				6000623A269663750085DF41 /* UserAuth.swift in Sources */,
				60BF85A82698F03B00890C0F /* LoginViewModel.swift in Sources */,
				6074C0B4268C940700DA3B21 /* AppState.swift in Sources */,
				60F3BACB2694B85B005798C1 /* Authenticator.swift in Sources */,
				60E4ED7A268E174A00EC4561 /* ViewModels+Injection.swift in Sources */,
				60F3BAD02694BB17005798C1 /* User.swift in Sources */,
				60BF85B926991AC000890C0F /* Image+Extension.swift in Sources */,
				6074C0B8268CB32500DA3B21 /* CancelBag.swift in Sources */,
				60BF85AF2698F46B00890C0F /* AuthSelectionView.swift in Sources */,
				60E4ED6E268DE40B00EC4561 /* UsersService.swift in Sources */,
				60BF85AC2698F0DE00890C0F /* RootViewModifier.swift in Sources */,
				60660C6D2693861D00A6159E /* NetworkClient.swift in Sources */,
				60E4ED70268DECA600EC4561 /* UserListResponseDTO.swift in Sources */,
				6063B68C26893B65001B1405 /* ContentView.swift in Sources */,
				6074C0C2268CDC5E00DA3B21 /* Helpers.swift in Sources */,
				60F3BAD52694C920005798C1 /* SecureAppStorage.swift in Sources */,
				6074C0BC268CCB3700DA3B21 /* APIConfigurable.swift in Sources */,
				60F3BAC92694ACA6005798C1 /* AuthRequestInterceptor.swift in Sources */,
				60944F3B268DC8460063CD61 /* Application+Injection.swift in Sources */,
				60BF85B72699172E00890C0F /* SelectionCardView.swift in Sources */,
				6000622A269644DB0085DF41 /* AuthRemoteRepository.swift in Sources */,
				600062302696482F0085DF41 /* Discardable.swift in Sources */,
				60E3953C26909197007E459E /* Tokens.swift in Sources */,
				60E4ED78268E148700EC4561 /* UsersListViewModel.swift in Sources */,
				6063B68A26893B65001B1405 /* MenuelyApp.swift in Sources */,
				60E4ED72268DEE4100EC4561 /* RemoteImage.swift in Sources */,
				60E395382690917C007E459E /* TokensRequestDTO.swift in Sources */,
				60006232269648C30085DF41 /* AuthService.swift in Sources */,
				6074C0C0268CD41400DA3B21 /* NetworkingHelpers.swift in Sources */,
				60E3953A2690918D007E459E /* TokensResponseDTO.swift in Sources */,
				60BF85B22698F87700890C0F /* FloatingTextField.swift in Sources */,
				60D32CC02699A83C00F6FDC9 /* RoundedGradientButtonStyle.swift in Sources */,
				60E4ED74268DEFC300EC4561 /* UsersRemoteRepository.swift in Sources */,
				6000622C2696451A0085DF41 /* UserLoginRequestDTO.swift in Sources */,
				6074C0B6268CADB100DA3B21 /* Store.swift in Sources */,
				60BF85AA2698F06100890C0F /* LoginView.swift in Sources */,
				60E4ED6C268DD45400EC4561 /* ApplicationEventsHandler.swift in Sources */,
				6074C0BA268CC06600DA3B21 /* Loadable.swift in Sources */,
			);
			runOnlyForDeploymentPostprocessing = 0;
		};
/* End PBXSourcesBuildPhase section */

/* Begin XCBuildConfiguration section */
		6063B69326893B67001B1405 /* Debug */ = {
			isa = XCBuildConfiguration;
			buildSettings = {
				ALWAYS_SEARCH_USER_PATHS = NO;
				CLANG_ANALYZER_NONNULL = YES;
				CLANG_ANALYZER_NUMBER_OBJECT_CONVERSION = YES_AGGRESSIVE;
				CLANG_CXX_LANGUAGE_STANDARD = "gnu++14";
				CLANG_CXX_LIBRARY = "libc++";
				CLANG_ENABLE_MODULES = YES;
				CLANG_ENABLE_OBJC_ARC = YES;
				CLANG_ENABLE_OBJC_WEAK = YES;
				CLANG_WARN_BLOCK_CAPTURE_AUTORELEASING = YES;
				CLANG_WARN_BOOL_CONVERSION = YES;
				CLANG_WARN_COMMA = YES;
				CLANG_WARN_CONSTANT_CONVERSION = YES;
				CLANG_WARN_DEPRECATED_OBJC_IMPLEMENTATIONS = YES;
				CLANG_WARN_DIRECT_OBJC_ISA_USAGE = YES_ERROR;
				CLANG_WARN_DOCUMENTATION_COMMENTS = YES;
				CLANG_WARN_EMPTY_BODY = YES;
				CLANG_WARN_ENUM_CONVERSION = YES;
				CLANG_WARN_INFINITE_RECURSION = YES;
				CLANG_WARN_INT_CONVERSION = YES;
				CLANG_WARN_NON_LITERAL_NULL_CONVERSION = YES;
				CLANG_WARN_OBJC_IMPLICIT_RETAIN_SELF = YES;
				CLANG_WARN_OBJC_LITERAL_CONVERSION = YES;
				CLANG_WARN_OBJC_ROOT_CLASS = YES_ERROR;
				CLANG_WARN_QUOTED_INCLUDE_IN_FRAMEWORK_HEADER = YES;
				CLANG_WARN_RANGE_LOOP_ANALYSIS = YES;
				CLANG_WARN_STRICT_PROTOTYPES = YES;
				CLANG_WARN_SUSPICIOUS_MOVE = YES;
				CLANG_WARN_UNGUARDED_AVAILABILITY = YES_AGGRESSIVE;
				CLANG_WARN_UNREACHABLE_CODE = YES;
				CLANG_WARN__DUPLICATE_METHOD_MATCH = YES;
				COPY_PHASE_STRIP = NO;
				DEBUG_INFORMATION_FORMAT = dwarf;
				ENABLE_STRICT_OBJC_MSGSEND = YES;
				ENABLE_TESTABILITY = YES;
				GCC_C_LANGUAGE_STANDARD = gnu11;
				GCC_DYNAMIC_NO_PIC = NO;
				GCC_NO_COMMON_BLOCKS = YES;
				GCC_OPTIMIZATION_LEVEL = s;
				GCC_PREPROCESSOR_DEFINITIONS = (
					"DEBUG=1",
					"$(inherited)",
				);
				GCC_WARN_64_TO_32_BIT_CONVERSION = YES;
				GCC_WARN_ABOUT_RETURN_TYPE = YES_ERROR;
				GCC_WARN_UNDECLARED_SELECTOR = YES;
				GCC_WARN_UNINITIALIZED_AUTOS = YES_AGGRESSIVE;
				GCC_WARN_UNUSED_FUNCTION = YES;
				GCC_WARN_UNUSED_VARIABLE = YES;
				IPHONEOS_DEPLOYMENT_TARGET = 14.5;
				MTL_ENABLE_DEBUG_INFO = INCLUDE_SOURCE;
				MTL_FAST_MATH = YES;
				ONLY_ACTIVE_ARCH = YES;
				SDKROOT = iphoneos;
				SWIFT_ACTIVE_COMPILATION_CONDITIONS = DEBUG;
				SWIFT_OPTIMIZATION_LEVEL = "-Onone";
			};
			name = Debug;
		};
		6063B69426893B67001B1405 /* Release */ = {
			isa = XCBuildConfiguration;
			buildSettings = {
				ALWAYS_SEARCH_USER_PATHS = NO;
				CLANG_ANALYZER_NONNULL = YES;
				CLANG_ANALYZER_NUMBER_OBJECT_CONVERSION = YES_AGGRESSIVE;
				CLANG_CXX_LANGUAGE_STANDARD = "gnu++14";
				CLANG_CXX_LIBRARY = "libc++";
				CLANG_ENABLE_MODULES = YES;
				CLANG_ENABLE_OBJC_ARC = YES;
				CLANG_ENABLE_OBJC_WEAK = YES;
				CLANG_WARN_BLOCK_CAPTURE_AUTORELEASING = YES;
				CLANG_WARN_BOOL_CONVERSION = YES;
				CLANG_WARN_COMMA = YES;
				CLANG_WARN_CONSTANT_CONVERSION = YES;
				CLANG_WARN_DEPRECATED_OBJC_IMPLEMENTATIONS = YES;
				CLANG_WARN_DIRECT_OBJC_ISA_USAGE = YES_ERROR;
				CLANG_WARN_DOCUMENTATION_COMMENTS = YES;
				CLANG_WARN_EMPTY_BODY = YES;
				CLANG_WARN_ENUM_CONVERSION = YES;
				CLANG_WARN_INFINITE_RECURSION = YES;
				CLANG_WARN_INT_CONVERSION = YES;
				CLANG_WARN_NON_LITERAL_NULL_CONVERSION = YES;
				CLANG_WARN_OBJC_IMPLICIT_RETAIN_SELF = YES;
				CLANG_WARN_OBJC_LITERAL_CONVERSION = YES;
				CLANG_WARN_OBJC_ROOT_CLASS = YES_ERROR;
				CLANG_WARN_QUOTED_INCLUDE_IN_FRAMEWORK_HEADER = YES;
				CLANG_WARN_RANGE_LOOP_ANALYSIS = YES;
				CLANG_WARN_STRICT_PROTOTYPES = YES;
				CLANG_WARN_SUSPICIOUS_MOVE = YES;
				CLANG_WARN_UNGUARDED_AVAILABILITY = YES_AGGRESSIVE;
				CLANG_WARN_UNREACHABLE_CODE = YES;
				CLANG_WARN__DUPLICATE_METHOD_MATCH = YES;
				COPY_PHASE_STRIP = NO;
				DEBUG_INFORMATION_FORMAT = "dwarf-with-dsym";
				ENABLE_NS_ASSERTIONS = NO;
				ENABLE_STRICT_OBJC_MSGSEND = YES;
				GCC_C_LANGUAGE_STANDARD = gnu11;
				GCC_NO_COMMON_BLOCKS = YES;
				GCC_WARN_64_TO_32_BIT_CONVERSION = YES;
				GCC_WARN_ABOUT_RETURN_TYPE = YES_ERROR;
				GCC_WARN_UNDECLARED_SELECTOR = YES;
				GCC_WARN_UNINITIALIZED_AUTOS = YES_AGGRESSIVE;
				GCC_WARN_UNUSED_FUNCTION = YES;
				GCC_WARN_UNUSED_VARIABLE = YES;
				IPHONEOS_DEPLOYMENT_TARGET = 14.5;
				MTL_ENABLE_DEBUG_INFO = NO;
				MTL_FAST_MATH = YES;
				SDKROOT = iphoneos;
				SWIFT_COMPILATION_MODE = wholemodule;
				SWIFT_OPTIMIZATION_LEVEL = "-O";
				VALIDATE_PRODUCT = YES;
			};
			name = Release;
		};
		6063B69626893B67001B1405 /* Debug */ = {
			isa = XCBuildConfiguration;
			buildSettings = {
				ASSETCATALOG_COMPILER_APPICON_NAME = AppIcon;
				ASSETCATALOG_COMPILER_GLOBAL_ACCENT_COLOR_NAME = AccentColor;
				CODE_SIGN_STYLE = Automatic;
				DEVELOPMENT_ASSET_PATHS = "\"Menuely/Resources/Preview Content\"";
				DEVELOPMENT_TEAM = K8WZF48FXW;
				ENABLE_BITCODE = YES;
				ENABLE_PREVIEWS = YES;
				GCC_OPTIMIZATION_LEVEL = 0;
				INFOPLIST_FILE = Menuely/Resources/Info.plist;
				IPHONEOS_DEPLOYMENT_TARGET = 14.5;
				LD_RUNPATH_SEARCH_PATHS = (
					"$(inherited)",
					"@executable_path/Frameworks",
				);
				PRODUCT_BUNDLE_IDENTIFIER = com.hydro1337x.Menuely;
				PRODUCT_NAME = "$(TARGET_NAME)";
				SWIFT_VERSION = 5.0;
				TARGETED_DEVICE_FAMILY = 1;
			};
			name = Debug;
		};
		6063B69726893B67001B1405 /* Release */ = {
			isa = XCBuildConfiguration;
			buildSettings = {
				ASSETCATALOG_COMPILER_APPICON_NAME = AppIcon;
				ASSETCATALOG_COMPILER_GLOBAL_ACCENT_COLOR_NAME = AccentColor;
				CODE_SIGN_STYLE = Automatic;
				DEVELOPMENT_ASSET_PATHS = "\"Menuely/Resources/Preview Content\"";
				DEVELOPMENT_TEAM = K8WZF48FXW;
				ENABLE_BITCODE = YES;
				ENABLE_PREVIEWS = YES;
				INFOPLIST_FILE = Menuely/Resources/Info.plist;
				IPHONEOS_DEPLOYMENT_TARGET = 14.5;
				LD_RUNPATH_SEARCH_PATHS = (
					"$(inherited)",
					"@executable_path/Frameworks",
				);
				PRODUCT_BUNDLE_IDENTIFIER = com.hydro1337x.Menuely;
				PRODUCT_NAME = "$(TARGET_NAME)";
				SWIFT_VERSION = 5.0;
				TARGETED_DEVICE_FAMILY = 1;
			};
			name = Release;
		};
/* End XCBuildConfiguration section */

/* Begin XCConfigurationList section */
		6063B68126893B65001B1405 /* Build configuration list for PBXProject "Menuely" */ = {
			isa = XCConfigurationList;
			buildConfigurations = (
				6063B69326893B67001B1405 /* Debug */,
				6063B69426893B67001B1405 /* Release */,
			);
			defaultConfigurationIsVisible = 0;
			defaultConfigurationName = Release;
		};
		6063B69526893B67001B1405 /* Build configuration list for PBXNativeTarget "Menuely" */ = {
			isa = XCConfigurationList;
			buildConfigurations = (
				6063B69626893B67001B1405 /* Debug */,
				6063B69726893B67001B1405 /* Release */,
			);
			defaultConfigurationIsVisible = 0;
			defaultConfigurationName = Release;
		};
/* End XCConfigurationList section */

/* Begin XCRemoteSwiftPackageReference section */
		60660C672693837400A6159E /* XCRemoteSwiftPackageReference "Alamofire" */ = {
			isa = XCRemoteSwiftPackageReference;
			repositoryURL = "https://github.com/Alamofire/Alamofire.git";
			requirement = {
				kind = upToNextMajorVersion;
				minimumVersion = 5.4.3;
			};
		};
		60944F37268DC73F0063CD61 /* XCRemoteSwiftPackageReference "Resolver" */ = {
			isa = XCRemoteSwiftPackageReference;
			repositoryURL = "https://github.com/hmlongco/Resolver.git";
			requirement = {
				kind = upToNextMajorVersion;
				minimumVersion = 1.4.3;
			};
		};
/* End XCRemoteSwiftPackageReference section */

/* Begin XCSwiftPackageProductDependency section */
		60660C682693837400A6159E /* Alamofire */ = {
			isa = XCSwiftPackageProductDependency;
			package = 60660C672693837400A6159E /* XCRemoteSwiftPackageReference "Alamofire" */;
			productName = Alamofire;
		};
		60944F38268DC73F0063CD61 /* Resolver */ = {
			isa = XCSwiftPackageProductDependency;
			package = 60944F37268DC73F0063CD61 /* XCRemoteSwiftPackageReference "Resolver" */;
			productName = Resolver;
		};
/* End XCSwiftPackageProductDependency section */
	};
	rootObject = 6063B67E26893B65001B1405 /* Project object */;
}
